// !$*UTF8*$!
{
	archiveVersion = 1;
	classes = {
	};
	objectVersion = 56;
	objects = {

/* Begin PBXBuildFile section */
		EB2C7AD7299965F7006F2486 /* UIView.swift in Sources */ = {isa = PBXBuildFile; fileRef = EB2C7AD6299965F7006F2486 /* UIView.swift */; };
		EB2C7ADC299967DA006F2486 /* SportIcon.swift in Sources */ = {isa = PBXBuildFile; fileRef = EB2C7ADB299967DA006F2486 /* SportIcon.swift */; };
		EB2C7AE02999A863006F2486 /* DidUpdateExpandableSectionExpansionStatusNotificationPayload.swift in Sources */ = {isa = PBXBuildFile; fileRef = EB2C7ADF2999A863006F2486 /* DidUpdateExpandableSectionExpansionStatusNotificationPayload.swift */; };
		EB2C7AEC2999B576006F2486 /* UIColor.swift in Sources */ = {isa = PBXBuildFile; fileRef = EB2C7AEB2999B576006F2486 /* UIColor.swift */; };
		EB2C7AEE2999B580006F2486 /* UIImage.swift in Sources */ = {isa = PBXBuildFile; fileRef = EB2C7AED2999B580006F2486 /* UIImage.swift */; };
		EB2C7AEF2999BB79006F2486 /* Poppins-Black.ttf in Resources */ = {isa = PBXBuildFile; fileRef = EBA8FCE92999467F0075B4D8 /* Poppins-Black.ttf */; };
		EB2C7AF02999BB79006F2486 /* Poppins-BlackItalic.ttf in Resources */ = {isa = PBXBuildFile; fileRef = EBA8FCE42999467F0075B4D8 /* Poppins-BlackItalic.ttf */; };
		EB2C7AF12999BB79006F2486 /* Poppins-Bold.ttf in Resources */ = {isa = PBXBuildFile; fileRef = EBA8FCDD2999467F0075B4D8 /* Poppins-Bold.ttf */; };
		EB2C7AF22999BB79006F2486 /* Poppins-BoldItalic.ttf in Resources */ = {isa = PBXBuildFile; fileRef = EBA8FCE32999467F0075B4D8 /* Poppins-BoldItalic.ttf */; };
		EB2C7AF32999BB79006F2486 /* Poppins-ExtraBold.ttf in Resources */ = {isa = PBXBuildFile; fileRef = EBA8FCE52999467F0075B4D8 /* Poppins-ExtraBold.ttf */; };
		EB2C7AF42999BB79006F2486 /* Poppins-ExtraBoldItalic.ttf in Resources */ = {isa = PBXBuildFile; fileRef = EBA8FCDB2999467F0075B4D8 /* Poppins-ExtraBoldItalic.ttf */; };
		EB2C7AF52999BB79006F2486 /* Poppins-ExtraLight.ttf in Resources */ = {isa = PBXBuildFile; fileRef = EBA8FCD82999467E0075B4D8 /* Poppins-ExtraLight.ttf */; };
		EB2C7AF62999BB79006F2486 /* Poppins-ExtraLightItalic.ttf in Resources */ = {isa = PBXBuildFile; fileRef = EBA8FCE62999467F0075B4D8 /* Poppins-ExtraLightItalic.ttf */; };
		EB2C7AF72999BB79006F2486 /* Poppins-Italic.ttf in Resources */ = {isa = PBXBuildFile; fileRef = EBA8FCE02999467F0075B4D8 /* Poppins-Italic.ttf */; };
		EB2C7AF82999BB79006F2486 /* Poppins-Light.ttf in Resources */ = {isa = PBXBuildFile; fileRef = EBA8FCDE2999467F0075B4D8 /* Poppins-Light.ttf */; };
		EB2C7AF92999BB79006F2486 /* Poppins-LightItalic.ttf in Resources */ = {isa = PBXBuildFile; fileRef = EBA8FCE12999467F0075B4D8 /* Poppins-LightItalic.ttf */; };
		EB2C7AFA2999BB79006F2486 /* Poppins-Medium.ttf in Resources */ = {isa = PBXBuildFile; fileRef = EBA8FCDC2999467F0075B4D8 /* Poppins-Medium.ttf */; };
		EB2C7AFB2999BB79006F2486 /* Poppins-MediumItalic.ttf in Resources */ = {isa = PBXBuildFile; fileRef = EBA8FCE22999467F0075B4D8 /* Poppins-MediumItalic.ttf */; };
		EB2C7AFC2999BB79006F2486 /* Poppins-Regular.ttf in Resources */ = {isa = PBXBuildFile; fileRef = EBA8FCE72999467F0075B4D8 /* Poppins-Regular.ttf */; };
		EB2C7AFD2999BB79006F2486 /* Poppins-SemiBold.ttf in Resources */ = {isa = PBXBuildFile; fileRef = EBA8FCDA2999467E0075B4D8 /* Poppins-SemiBold.ttf */; };
		EB2C7AFE2999BB79006F2486 /* Poppins-SemiBoldItalic.ttf in Resources */ = {isa = PBXBuildFile; fileRef = EBA8FCE82999467F0075B4D8 /* Poppins-SemiBoldItalic.ttf */; };
		EB2C7AFF2999BB79006F2486 /* Poppins-Thin.ttf in Resources */ = {isa = PBXBuildFile; fileRef = EBA8FCDF2999467F0075B4D8 /* Poppins-Thin.ttf */; };
		EB2C7B002999BB79006F2486 /* Poppins-ThinItalic.ttf in Resources */ = {isa = PBXBuildFile; fileRef = EBA8FCD92999467E0075B4D8 /* Poppins-ThinItalic.ttf */; };
		EB2C7B05299A1509006F2486 /* UIViewController.swift in Sources */ = {isa = PBXBuildFile; fileRef = EB2C7B04299A1509006F2486 /* UIViewController.swift */; };
		EB2C7B07299A1DB1006F2486 /* Date.swift in Sources */ = {isa = PBXBuildFile; fileRef = EB2C7B06299A1DB1006F2486 /* Date.swift */; };
		EB2C7B0B299A212B006F2486 /* BaseServiceProtocol.swift in Sources */ = {isa = PBXBuildFile; fileRef = EB2C7B0A299A212B006F2486 /* BaseServiceProtocol.swift */; };
		EB2C7B0D299A2143006F2486 /* SportsServiceProtocol.swift in Sources */ = {isa = PBXBuildFile; fileRef = EB2C7B0C299A2143006F2486 /* SportsServiceProtocol.swift */; };
		EB4B697B2997BF74003CE1F1 /* PresentableError.swift in Sources */ = {isa = PBXBuildFile; fileRef = EB4B697A2997BF74003CE1F1 /* PresentableError.swift */; };
		EB4B697D2997BF8E003CE1F1 /* GetEventsBySportError.swift in Sources */ = {isa = PBXBuildFile; fileRef = EB4B697C2997BF8E003CE1F1 /* GetEventsBySportError.swift */; };
		EB4B697F2997C273003CE1F1 /* NetworkError.swift in Sources */ = {isa = PBXBuildFile; fileRef = EB4B697E2997C273003CE1F1 /* NetworkError.swift */; };
		EB4B69812997C3F2003CE1F1 /* BaseService.swift in Sources */ = {isa = PBXBuildFile; fileRef = EB4B69802997C3F2003CE1F1 /* BaseService.swift */; };
		EB4B69842997EBF3003CE1F1 /* EventsBySport.swift in Sources */ = {isa = PBXBuildFile; fileRef = EB4B69832997EBF3003CE1F1 /* EventsBySport.swift */; };
		EB4B69862997EC00003CE1F1 /* Sport.swift in Sources */ = {isa = PBXBuildFile; fileRef = EB4B69852997EC00003CE1F1 /* Sport.swift */; };
		EB4B69882997EC08003CE1F1 /* Event.swift in Sources */ = {isa = PBXBuildFile; fileRef = EB4B69872997EC08003CE1F1 /* Event.swift */; };
		EB4B698D2997F57E003CE1F1 /* HorizontalCollectionViewTableViewCell.swift in Sources */ = {isa = PBXBuildFile; fileRef = EB4B698B2997F57E003CE1F1 /* HorizontalCollectionViewTableViewCell.swift */; };
		EB4B698E2997F57E003CE1F1 /* HorizontalCollectionViewTableViewCell.xib in Resources */ = {isa = PBXBuildFile; fileRef = EB4B698C2997F57E003CE1F1 /* HorizontalCollectionViewTableViewCell.xib */; };
		EB4B69912997F7C7003CE1F1 /* EventCollectionViewCell.swift in Sources */ = {isa = PBXBuildFile; fileRef = EB4B698F2997F7C7003CE1F1 /* EventCollectionViewCell.swift */; };
		EB4B69922997F7C7003CE1F1 /* EventCollectionViewCell.xib in Resources */ = {isa = PBXBuildFile; fileRef = EB4B69902997F7C7003CE1F1 /* EventCollectionViewCell.xib */; };
		EB4B69952997FBA3003CE1F1 /* ExpandableSectionHeaderView.xib in Resources */ = {isa = PBXBuildFile; fileRef = EB4B69942997FBA3003CE1F1 /* ExpandableSectionHeaderView.xib */; };
		EB4B69972997FBB6003CE1F1 /* ExpandableSectionHeaderView.swift in Sources */ = {isa = PBXBuildFile; fileRef = EB4B69962997FBB6003CE1F1 /* ExpandableSectionHeaderView.swift */; };
		EBA8FCB1299808650075B4D8 /* UIDesignableView.swift in Sources */ = {isa = PBXBuildFile; fileRef = EBA8FCB0299808650075B4D8 /* UIDesignableView.swift */; };
		EBA8FCB3299820C60075B4D8 /* Collection.swift in Sources */ = {isa = PBXBuildFile; fileRef = EBA8FCB2299820C60075B4D8 /* Collection.swift */; };
		EBA8FCB7299838BB0075B4D8 /* Notification.swift in Sources */ = {isa = PBXBuildFile; fileRef = EBA8FCB6299838BB0075B4D8 /* Notification.swift */; };
		EBA8FCBA2998392D0075B4D8 /* DidUpdateEventFavoriteStatusNotificationPayload.swift in Sources */ = {isa = PBXBuildFile; fileRef = EBA8FCB92998392D0075B4D8 /* DidUpdateEventFavoriteStatusNotificationPayload.swift */; };
		EBA8FCBD29991F0D0075B4D8 /* FavoritesRepository.swift in Sources */ = {isa = PBXBuildFile; fileRef = EBA8FCBC29991F0D0075B4D8 /* FavoritesRepository.swift */; };
		EBA8FCC12999204E0075B4D8 /* FavoritesStorageProtocol.swift in Sources */ = {isa = PBXBuildFile; fileRef = EBA8FCC02999204E0075B4D8 /* FavoritesStorageProtocol.swift */; };
		EBA8FCC3299920920075B4D8 /* InMemoryFavoritesStorage.swift in Sources */ = {isa = PBXBuildFile; fileRef = EBA8FCC2299920920075B4D8 /* InMemoryFavoritesStorage.swift */; };
		EBA8FCC7299921590075B4D8 /* EventRepositoryProtocol.swift in Sources */ = {isa = PBXBuildFile; fileRef = EBA8FCC6299921590075B4D8 /* EventRepositoryProtocol.swift */; };
		EBA8FCCA299921710075B4D8 /* FavoritesRepositoryProtocol.swift in Sources */ = {isa = PBXBuildFile; fileRef = EBA8FCC9299921710075B4D8 /* FavoritesRepositoryProtocol.swift */; };
		EBA8FCCC299922930075B4D8 /* PersistenceAssembly.swift in Sources */ = {isa = PBXBuildFile; fileRef = EBA8FCCB299922930075B4D8 /* PersistenceAssembly.swift */; };
		EBA8FCCE299931240075B4D8 /* DidAddEventToFavoritesNotificationPayload.swift in Sources */ = {isa = PBXBuildFile; fileRef = EBA8FCCD299931240075B4D8 /* DidAddEventToFavoritesNotificationPayload.swift */; };
		EBA8FCD0299931420075B4D8 /* DidRemoveEventFromFavoritesNotificationPayload.swift in Sources */ = {isa = PBXBuildFile; fileRef = EBA8FCCF299931420075B4D8 /* DidRemoveEventFromFavoritesNotificationPayload.swift */; };
		EBA8FCD4299944950075B4D8 /* Colors.xcassets in Resources */ = {isa = PBXBuildFile; fileRef = EBA8FCD3299944950075B4D8 /* Colors.xcassets */; };
		EBAF39DD299AC8A1005ED847 /* CustomAlertViewController.swift in Sources */ = {isa = PBXBuildFile; fileRef = EBAF39DC299AC8A1005ED847 /* CustomAlertViewController.swift */; };
		EBAF39DF299AC8AD005ED847 /* CustomAlertView.storyboard in Resources */ = {isa = PBXBuildFile; fileRef = EBAF39DE299AC8AD005ED847 /* CustomAlertView.storyboard */; };
		EBAF39E1299ACFF0005ED847 /* MiscellaneousAssembly.swift in Sources */ = {isa = PBXBuildFile; fileRef = EBAF39E0299ACFF0005ED847 /* MiscellaneousAssembly.swift */; };
		EBAF39E3299AD20E005ED847 /* GlobalConstants.swift in Sources */ = {isa = PBXBuildFile; fileRef = EBAF39E2299AD20E005ED847 /* GlobalConstants.swift */; };
		EBAF39E6299AE647005ED847 /* GeneratedMocks.swift in Sources */ = {isa = PBXBuildFile; fileRef = EBAF39E5299AE647005ED847 /* GeneratedMocks.swift */; };
		EBAF39EB299AE7E5005ED847 /* EventRepositoryTests.swift in Sources */ = {isa = PBXBuildFile; fileRef = EBAF39EA299AE7E5005ED847 /* EventRepositoryTests.swift */; };
		EBAF39EE299AE8EC005ED847 /* SportAndEventsFactory.swift in Sources */ = {isa = PBXBuildFile; fileRef = EBAF39ED299AE8EC005ED847 /* SportAndEventsFactory.swift */; };
		EBAF39F4299AEB07005ED847 /* Matchables.swift in Sources */ = {isa = PBXBuildFile; fileRef = EBAF39F3299AEB07005ED847 /* Matchables.swift */; };
		EBAF39F6299AF0E3005ED847 /* main.swift in Sources */ = {isa = PBXBuildFile; fileRef = EBAF39F5299AF0E3005ED847 /* main.swift */; };
		EBAF39F9299AF162005ED847 /* Cuckoo in Frameworks */ = {isa = PBXBuildFile; productRef = EBAF39F8299AF162005ED847 /* Cuckoo */; };
		EBAF39FE299AF208005ED847 /* EventListViewModelTests.swift in Sources */ = {isa = PBXBuildFile; fileRef = EBAF39FD299AF208005ED847 /* EventListViewModelTests.swift */; };
		EBAF3A00299AF728005ED847 /* EventListViewController.swift in Sources */ = {isa = PBXBuildFile; fileRef = EBAF39FF299AF728005ED847 /* EventListViewController.swift */; };
		EBAF3A02299AFC73005ED847 /* UIWindow.swift in Sources */ = {isa = PBXBuildFile; fileRef = EBAF3A01299AFC73005ED847 /* UIWindow.swift */; };
		EBD7073C2996FF4D00ECF0E8 /* AppDelegate.swift in Sources */ = {isa = PBXBuildFile; fileRef = EBD7073B2996FF4D00ECF0E8 /* AppDelegate.swift */; };
		EBD707452996FF4F00ECF0E8 /* Assets.xcassets in Resources */ = {isa = PBXBuildFile; fileRef = EBD707442996FF4F00ECF0E8 /* Assets.xcassets */; };
		EBD707482996FF4F00ECF0E8 /* LaunchScreen.storyboard in Resources */ = {isa = PBXBuildFile; fileRef = EBD707462996FF4F00ECF0E8 /* LaunchScreen.storyboard */; };
		EBD7075D2996FF4F00ECF0E8 /* UpcomingSportEventsUITests.swift in Sources */ = {isa = PBXBuildFile; fileRef = EBD7075C2996FF4F00ECF0E8 /* UpcomingSportEventsUITests.swift */; };
		EBD7075F2996FF4F00ECF0E8 /* UpcomingSportEventsUITestsLaunchTests.swift in Sources */ = {isa = PBXBuildFile; fileRef = EBD7075E2996FF4F00ECF0E8 /* UpcomingSportEventsUITestsLaunchTests.swift */; };
		EBD707702997018E00ECF0E8 /* EventListViewController.swift in Sources */ = {isa = PBXBuildFile; fileRef = EBD7076F2997018E00ECF0E8 /* EventListViewController.swift */; };
		EBD707742997020600ECF0E8 /* Storyboarded.swift in Sources */ = {isa = PBXBuildFile; fileRef = EBD707732997020600ECF0E8 /* Storyboarded.swift */; };
		EBD707762997023E00ECF0E8 /* EventList.storyboard in Resources */ = {isa = PBXBuildFile; fileRef = EBD707752997023E00ECF0E8 /* EventList.storyboard */; };
		EBD707782997027200ECF0E8 /* ViewConstructor.swift in Sources */ = {isa = PBXBuildFile; fileRef = EBD707772997027200ECF0E8 /* ViewConstructor.swift */; };
		EBD7077E29970DDB00ECF0E8 /* DIContainer.swift in Sources */ = {isa = PBXBuildFile; fileRef = EBD7077D29970DDB00ECF0E8 /* DIContainer.swift */; };
		EBD7078129970E4400ECF0E8 /* Swinject in Frameworks */ = {isa = PBXBuildFile; productRef = EBD7078029970E4400ECF0E8 /* Swinject */; };
		EBD7078529970F7000ECF0E8 /* EventListSceneAssembly.swift in Sources */ = {isa = PBXBuildFile; fileRef = EBD7078429970F7000ECF0E8 /* EventListSceneAssembly.swift */; };
		EBD7078729970F9B00ECF0E8 /* SceneAssembly.swift in Sources */ = {isa = PBXBuildFile; fileRef = EBD7078629970F9B00ECF0E8 /* SceneAssembly.swift */; };
		EBD707892997102500ECF0E8 /* EventListViewModel.swift in Sources */ = {isa = PBXBuildFile; fileRef = EBD707882997102500ECF0E8 /* EventListViewModel.swift */; };
		EBD7078B299713FE00ECF0E8 /* NetworkingAssembly.swift in Sources */ = {isa = PBXBuildFile; fileRef = EBD7078A299713FE00ECF0E8 /* NetworkingAssembly.swift */; };
		EBD7078D2997140900ECF0E8 /* RepositoryAssembly.swift in Sources */ = {isa = PBXBuildFile; fileRef = EBD7078C2997140900ECF0E8 /* RepositoryAssembly.swift */; };
		EBD707912997146200ECF0E8 /* SportsService.swift in Sources */ = {isa = PBXBuildFile; fileRef = EBD707902997146200ECF0E8 /* SportsService.swift */; };
		EBD70798299717AB00ECF0E8 /* EventRepository.swift in Sources */ = {isa = PBXBuildFile; fileRef = EBD70797299717AB00ECF0E8 /* EventRepository.swift */; };
		EBD7079C29971E1C00ECF0E8 /* Environment.swift in Sources */ = {isa = PBXBuildFile; fileRef = EBD7079B29971E1C00ECF0E8 /* Environment.swift */; };
		EBD7079F2997208B00ECF0E8 /* Alamofire in Frameworks */ = {isa = PBXBuildFile; productRef = EBD7079E2997208B00ECF0E8 /* Alamofire */; };
		EBD707A4299726EC00ECF0E8 /* SportData.swift in Sources */ = {isa = PBXBuildFile; fileRef = EBD707A3299726EC00ECF0E8 /* SportData.swift */; };
		EBD707A62997272900ECF0E8 /* EventData.swift in Sources */ = {isa = PBXBuildFile; fileRef = EBD707A52997272900ECF0E8 /* EventData.swift */; };
/* End PBXBuildFile section */

/* Begin PBXContainerItemProxy section */
		EBD7074F2996FF4F00ECF0E8 /* PBXContainerItemProxy */ = {
			isa = PBXContainerItemProxy;
			containerPortal = EBD707302996FF4D00ECF0E8 /* Project object */;
			proxyType = 1;
			remoteGlobalIDString = EBD707372996FF4D00ECF0E8;
			remoteInfo = UpcomingSportEvents;
		};
		EBD707592996FF4F00ECF0E8 /* PBXContainerItemProxy */ = {
			isa = PBXContainerItemProxy;
			containerPortal = EBD707302996FF4D00ECF0E8 /* Project object */;
			proxyType = 1;
			remoteGlobalIDString = EBD707372996FF4D00ECF0E8;
			remoteInfo = UpcomingSportEvents;
		};
/* End PBXContainerItemProxy section */

/* Begin PBXFileReference section */
		EB2C7AD6299965F7006F2486 /* UIView.swift */ = {isa = PBXFileReference; lastKnownFileType = sourcecode.swift; path = UIView.swift; sourceTree = "<group>"; };
		EB2C7ADB299967DA006F2486 /* SportIcon.swift */ = {isa = PBXFileReference; lastKnownFileType = sourcecode.swift; path = SportIcon.swift; sourceTree = "<group>"; };
		EB2C7ADF2999A863006F2486 /* DidUpdateExpandableSectionExpansionStatusNotificationPayload.swift */ = {isa = PBXFileReference; lastKnownFileType = sourcecode.swift; path = DidUpdateExpandableSectionExpansionStatusNotificationPayload.swift; sourceTree = "<group>"; };
		EB2C7AEB2999B576006F2486 /* UIColor.swift */ = {isa = PBXFileReference; lastKnownFileType = sourcecode.swift; path = UIColor.swift; sourceTree = "<group>"; };
		EB2C7AED2999B580006F2486 /* UIImage.swift */ = {isa = PBXFileReference; lastKnownFileType = sourcecode.swift; path = UIImage.swift; sourceTree = "<group>"; };
		EB2C7B04299A1509006F2486 /* UIViewController.swift */ = {isa = PBXFileReference; lastKnownFileType = sourcecode.swift; path = UIViewController.swift; sourceTree = "<group>"; };
		EB2C7B06299A1DB1006F2486 /* Date.swift */ = {isa = PBXFileReference; lastKnownFileType = sourcecode.swift; path = Date.swift; sourceTree = "<group>"; };
		EB2C7B0A299A212B006F2486 /* BaseServiceProtocol.swift */ = {isa = PBXFileReference; lastKnownFileType = sourcecode.swift; path = BaseServiceProtocol.swift; sourceTree = "<group>"; };
		EB2C7B0C299A2143006F2486 /* SportsServiceProtocol.swift */ = {isa = PBXFileReference; lastKnownFileType = sourcecode.swift; path = SportsServiceProtocol.swift; sourceTree = "<group>"; };
		EB4B697A2997BF74003CE1F1 /* PresentableError.swift */ = {isa = PBXFileReference; lastKnownFileType = sourcecode.swift; path = PresentableError.swift; sourceTree = "<group>"; };
		EB4B697C2997BF8E003CE1F1 /* GetEventsBySportError.swift */ = {isa = PBXFileReference; lastKnownFileType = sourcecode.swift; path = GetEventsBySportError.swift; sourceTree = "<group>"; };
		EB4B697E2997C273003CE1F1 /* NetworkError.swift */ = {isa = PBXFileReference; lastKnownFileType = sourcecode.swift; path = NetworkError.swift; sourceTree = "<group>"; };
		EB4B69802997C3F2003CE1F1 /* BaseService.swift */ = {isa = PBXFileReference; lastKnownFileType = sourcecode.swift; path = BaseService.swift; sourceTree = "<group>"; };
		EB4B69832997EBF3003CE1F1 /* EventsBySport.swift */ = {isa = PBXFileReference; lastKnownFileType = sourcecode.swift; path = EventsBySport.swift; sourceTree = "<group>"; };
		EB4B69852997EC00003CE1F1 /* Sport.swift */ = {isa = PBXFileReference; lastKnownFileType = sourcecode.swift; path = Sport.swift; sourceTree = "<group>"; };
		EB4B69872997EC08003CE1F1 /* Event.swift */ = {isa = PBXFileReference; lastKnownFileType = sourcecode.swift; path = Event.swift; sourceTree = "<group>"; };
		EB4B698B2997F57E003CE1F1 /* HorizontalCollectionViewTableViewCell.swift */ = {isa = PBXFileReference; lastKnownFileType = sourcecode.swift; path = HorizontalCollectionViewTableViewCell.swift; sourceTree = "<group>"; };
		EB4B698C2997F57E003CE1F1 /* HorizontalCollectionViewTableViewCell.xib */ = {isa = PBXFileReference; lastKnownFileType = file.xib; path = HorizontalCollectionViewTableViewCell.xib; sourceTree = "<group>"; };
		EB4B698F2997F7C7003CE1F1 /* EventCollectionViewCell.swift */ = {isa = PBXFileReference; lastKnownFileType = sourcecode.swift; path = EventCollectionViewCell.swift; sourceTree = "<group>"; };
		EB4B69902997F7C7003CE1F1 /* EventCollectionViewCell.xib */ = {isa = PBXFileReference; lastKnownFileType = file.xib; path = EventCollectionViewCell.xib; sourceTree = "<group>"; };
		EB4B69942997FBA3003CE1F1 /* ExpandableSectionHeaderView.xib */ = {isa = PBXFileReference; lastKnownFileType = file.xib; path = ExpandableSectionHeaderView.xib; sourceTree = "<group>"; };
		EB4B69962997FBB6003CE1F1 /* ExpandableSectionHeaderView.swift */ = {isa = PBXFileReference; lastKnownFileType = sourcecode.swift; path = ExpandableSectionHeaderView.swift; sourceTree = "<group>"; };
		EBA8FCB0299808650075B4D8 /* UIDesignableView.swift */ = {isa = PBXFileReference; lastKnownFileType = sourcecode.swift; path = UIDesignableView.swift; sourceTree = "<group>"; };
		EBA8FCB2299820C60075B4D8 /* Collection.swift */ = {isa = PBXFileReference; lastKnownFileType = sourcecode.swift; path = Collection.swift; sourceTree = "<group>"; };
		EBA8FCB6299838BB0075B4D8 /* Notification.swift */ = {isa = PBXFileReference; lastKnownFileType = sourcecode.swift; path = Notification.swift; sourceTree = "<group>"; };
		EBA8FCB92998392D0075B4D8 /* DidUpdateEventFavoriteStatusNotificationPayload.swift */ = {isa = PBXFileReference; lastKnownFileType = sourcecode.swift; path = DidUpdateEventFavoriteStatusNotificationPayload.swift; sourceTree = "<group>"; };
		EBA8FCBC29991F0D0075B4D8 /* FavoritesRepository.swift */ = {isa = PBXFileReference; lastKnownFileType = sourcecode.swift; path = FavoritesRepository.swift; sourceTree = "<group>"; };
		EBA8FCC02999204E0075B4D8 /* FavoritesStorageProtocol.swift */ = {isa = PBXFileReference; lastKnownFileType = sourcecode.swift; path = FavoritesStorageProtocol.swift; sourceTree = "<group>"; };
		EBA8FCC2299920920075B4D8 /* InMemoryFavoritesStorage.swift */ = {isa = PBXFileReference; lastKnownFileType = sourcecode.swift; path = InMemoryFavoritesStorage.swift; sourceTree = "<group>"; };
		EBA8FCC6299921590075B4D8 /* EventRepositoryProtocol.swift */ = {isa = PBXFileReference; lastKnownFileType = sourcecode.swift; path = EventRepositoryProtocol.swift; sourceTree = "<group>"; };
		EBA8FCC9299921710075B4D8 /* FavoritesRepositoryProtocol.swift */ = {isa = PBXFileReference; lastKnownFileType = sourcecode.swift; path = FavoritesRepositoryProtocol.swift; sourceTree = "<group>"; };
		EBA8FCCB299922930075B4D8 /* PersistenceAssembly.swift */ = {isa = PBXFileReference; lastKnownFileType = sourcecode.swift; path = PersistenceAssembly.swift; sourceTree = "<group>"; };
		EBA8FCCD299931240075B4D8 /* DidAddEventToFavoritesNotificationPayload.swift */ = {isa = PBXFileReference; lastKnownFileType = sourcecode.swift; path = DidAddEventToFavoritesNotificationPayload.swift; sourceTree = "<group>"; };
		EBA8FCCF299931420075B4D8 /* DidRemoveEventFromFavoritesNotificationPayload.swift */ = {isa = PBXFileReference; lastKnownFileType = sourcecode.swift; path = DidRemoveEventFromFavoritesNotificationPayload.swift; sourceTree = "<group>"; };
		EBA8FCD3299944950075B4D8 /* Colors.xcassets */ = {isa = PBXFileReference; lastKnownFileType = folder.assetcatalog; path = Colors.xcassets; sourceTree = "<group>"; };
		EBA8FCD82999467E0075B4D8 /* Poppins-ExtraLight.ttf */ = {isa = PBXFileReference; lastKnownFileType = file; path = "Poppins-ExtraLight.ttf"; sourceTree = "<group>"; };
		EBA8FCD92999467E0075B4D8 /* Poppins-ThinItalic.ttf */ = {isa = PBXFileReference; lastKnownFileType = file; path = "Poppins-ThinItalic.ttf"; sourceTree = "<group>"; };
		EBA8FCDA2999467E0075B4D8 /* Poppins-SemiBold.ttf */ = {isa = PBXFileReference; lastKnownFileType = file; path = "Poppins-SemiBold.ttf"; sourceTree = "<group>"; };
		EBA8FCDB2999467F0075B4D8 /* Poppins-ExtraBoldItalic.ttf */ = {isa = PBXFileReference; lastKnownFileType = file; path = "Poppins-ExtraBoldItalic.ttf"; sourceTree = "<group>"; };
		EBA8FCDC2999467F0075B4D8 /* Poppins-Medium.ttf */ = {isa = PBXFileReference; lastKnownFileType = file; path = "Poppins-Medium.ttf"; sourceTree = "<group>"; };
		EBA8FCDD2999467F0075B4D8 /* Poppins-Bold.ttf */ = {isa = PBXFileReference; lastKnownFileType = file; path = "Poppins-Bold.ttf"; sourceTree = "<group>"; };
		EBA8FCDE2999467F0075B4D8 /* Poppins-Light.ttf */ = {isa = PBXFileReference; lastKnownFileType = file; path = "Poppins-Light.ttf"; sourceTree = "<group>"; };
		EBA8FCDF2999467F0075B4D8 /* Poppins-Thin.ttf */ = {isa = PBXFileReference; lastKnownFileType = file; path = "Poppins-Thin.ttf"; sourceTree = "<group>"; };
		EBA8FCE02999467F0075B4D8 /* Poppins-Italic.ttf */ = {isa = PBXFileReference; lastKnownFileType = file; path = "Poppins-Italic.ttf"; sourceTree = "<group>"; };
		EBA8FCE12999467F0075B4D8 /* Poppins-LightItalic.ttf */ = {isa = PBXFileReference; lastKnownFileType = file; path = "Poppins-LightItalic.ttf"; sourceTree = "<group>"; };
		EBA8FCE22999467F0075B4D8 /* Poppins-MediumItalic.ttf */ = {isa = PBXFileReference; lastKnownFileType = file; path = "Poppins-MediumItalic.ttf"; sourceTree = "<group>"; };
		EBA8FCE32999467F0075B4D8 /* Poppins-BoldItalic.ttf */ = {isa = PBXFileReference; lastKnownFileType = file; path = "Poppins-BoldItalic.ttf"; sourceTree = "<group>"; };
		EBA8FCE42999467F0075B4D8 /* Poppins-BlackItalic.ttf */ = {isa = PBXFileReference; lastKnownFileType = file; path = "Poppins-BlackItalic.ttf"; sourceTree = "<group>"; };
		EBA8FCE52999467F0075B4D8 /* Poppins-ExtraBold.ttf */ = {isa = PBXFileReference; lastKnownFileType = file; path = "Poppins-ExtraBold.ttf"; sourceTree = "<group>"; };
		EBA8FCE62999467F0075B4D8 /* Poppins-ExtraLightItalic.ttf */ = {isa = PBXFileReference; lastKnownFileType = file; path = "Poppins-ExtraLightItalic.ttf"; sourceTree = "<group>"; };
		EBA8FCE72999467F0075B4D8 /* Poppins-Regular.ttf */ = {isa = PBXFileReference; lastKnownFileType = file; path = "Poppins-Regular.ttf"; sourceTree = "<group>"; };
		EBA8FCE82999467F0075B4D8 /* Poppins-SemiBoldItalic.ttf */ = {isa = PBXFileReference; lastKnownFileType = file; path = "Poppins-SemiBoldItalic.ttf"; sourceTree = "<group>"; };
		EBA8FCE92999467F0075B4D8 /* Poppins-Black.ttf */ = {isa = PBXFileReference; lastKnownFileType = file; path = "Poppins-Black.ttf"; sourceTree = "<group>"; };
		EBAF39DC299AC8A1005ED847 /* CustomAlertViewController.swift */ = {isa = PBXFileReference; lastKnownFileType = sourcecode.swift; path = CustomAlertViewController.swift; sourceTree = "<group>"; };
		EBAF39DE299AC8AD005ED847 /* CustomAlertView.storyboard */ = {isa = PBXFileReference; lastKnownFileType = file.storyboard; path = CustomAlertView.storyboard; sourceTree = "<group>"; };
		EBAF39E0299ACFF0005ED847 /* MiscellaneousAssembly.swift */ = {isa = PBXFileReference; lastKnownFileType = sourcecode.swift; path = MiscellaneousAssembly.swift; sourceTree = "<group>"; };
		EBAF39E2299AD20E005ED847 /* GlobalConstants.swift */ = {isa = PBXFileReference; lastKnownFileType = sourcecode.swift; path = GlobalConstants.swift; sourceTree = "<group>"; };
		EBAF39E5299AE647005ED847 /* GeneratedMocks.swift */ = {isa = PBXFileReference; fileEncoding = 4; lastKnownFileType = sourcecode.swift; path = GeneratedMocks.swift; sourceTree = "<group>"; };
		EBAF39EA299AE7E5005ED847 /* EventRepositoryTests.swift */ = {isa = PBXFileReference; lastKnownFileType = sourcecode.swift; path = EventRepositoryTests.swift; sourceTree = "<group>"; };
		EBAF39ED299AE8EC005ED847 /* SportAndEventsFactory.swift */ = {isa = PBXFileReference; lastKnownFileType = sourcecode.swift; path = SportAndEventsFactory.swift; sourceTree = "<group>"; };
		EBAF39F3299AEB07005ED847 /* Matchables.swift */ = {isa = PBXFileReference; lastKnownFileType = sourcecode.swift; path = Matchables.swift; sourceTree = "<group>"; };
		EBAF39F5299AF0E3005ED847 /* main.swift */ = {isa = PBXFileReference; lastKnownFileType = sourcecode.swift; path = main.swift; sourceTree = "<group>"; };
		EBAF39FD299AF208005ED847 /* EventListViewModelTests.swift */ = {isa = PBXFileReference; lastKnownFileType = sourcecode.swift; path = EventListViewModelTests.swift; sourceTree = "<group>"; };
		EBAF39FF299AF728005ED847 /* EventListViewController.swift */ = {isa = PBXFileReference; lastKnownFileType = sourcecode.swift; path = EventListViewController.swift; sourceTree = "<group>"; };
		EBAF3A01299AFC73005ED847 /* UIWindow.swift */ = {isa = PBXFileReference; lastKnownFileType = sourcecode.swift; path = UIWindow.swift; sourceTree = "<group>"; };
		EBD707382996FF4D00ECF0E8 /* UpcomingSportEvents.app */ = {isa = PBXFileReference; explicitFileType = wrapper.application; includeInIndex = 0; path = UpcomingSportEvents.app; sourceTree = BUILT_PRODUCTS_DIR; };
		EBD7073B2996FF4D00ECF0E8 /* AppDelegate.swift */ = {isa = PBXFileReference; lastKnownFileType = sourcecode.swift; path = AppDelegate.swift; sourceTree = "<group>"; };
		EBD707442996FF4F00ECF0E8 /* Assets.xcassets */ = {isa = PBXFileReference; lastKnownFileType = folder.assetcatalog; path = Assets.xcassets; sourceTree = "<group>"; };
		EBD707472996FF4F00ECF0E8 /* Base */ = {isa = PBXFileReference; lastKnownFileType = file.storyboard; name = Base; path = Base.lproj/LaunchScreen.storyboard; sourceTree = "<group>"; };
		EBD707492996FF4F00ECF0E8 /* Info.plist */ = {isa = PBXFileReference; lastKnownFileType = text.plist.xml; path = Info.plist; sourceTree = "<group>"; };
		EBD7074E2996FF4F00ECF0E8 /* UpcomingSportEventsTests.xctest */ = {isa = PBXFileReference; explicitFileType = wrapper.cfbundle; includeInIndex = 0; path = UpcomingSportEventsTests.xctest; sourceTree = BUILT_PRODUCTS_DIR; };
		EBD707582996FF4F00ECF0E8 /* UpcomingSportEventsUITests.xctest */ = {isa = PBXFileReference; explicitFileType = wrapper.cfbundle; includeInIndex = 0; path = UpcomingSportEventsUITests.xctest; sourceTree = BUILT_PRODUCTS_DIR; };
		EBD7075C2996FF4F00ECF0E8 /* UpcomingSportEventsUITests.swift */ = {isa = PBXFileReference; lastKnownFileType = sourcecode.swift; path = UpcomingSportEventsUITests.swift; sourceTree = "<group>"; };
		EBD7075E2996FF4F00ECF0E8 /* UpcomingSportEventsUITestsLaunchTests.swift */ = {isa = PBXFileReference; lastKnownFileType = sourcecode.swift; path = UpcomingSportEventsUITestsLaunchTests.swift; sourceTree = "<group>"; };
		EBD7076F2997018E00ECF0E8 /* EventListViewController.swift */ = {isa = PBXFileReference; lastKnownFileType = sourcecode.swift; path = EventListViewController.swift; sourceTree = "<group>"; };
		EBD707732997020600ECF0E8 /* Storyboarded.swift */ = {isa = PBXFileReference; lastKnownFileType = sourcecode.swift; path = Storyboarded.swift; sourceTree = "<group>"; };
		EBD707752997023E00ECF0E8 /* EventList.storyboard */ = {isa = PBXFileReference; lastKnownFileType = file.storyboard; path = EventList.storyboard; sourceTree = "<group>"; };
		EBD707772997027200ECF0E8 /* ViewConstructor.swift */ = {isa = PBXFileReference; lastKnownFileType = sourcecode.swift; path = ViewConstructor.swift; sourceTree = "<group>"; };
		EBD7077D29970DDB00ECF0E8 /* DIContainer.swift */ = {isa = PBXFileReference; lastKnownFileType = sourcecode.swift; path = DIContainer.swift; sourceTree = "<group>"; };
		EBD7078429970F7000ECF0E8 /* EventListSceneAssembly.swift */ = {isa = PBXFileReference; lastKnownFileType = sourcecode.swift; path = EventListSceneAssembly.swift; sourceTree = "<group>"; };
		EBD7078629970F9B00ECF0E8 /* SceneAssembly.swift */ = {isa = PBXFileReference; lastKnownFileType = sourcecode.swift; path = SceneAssembly.swift; sourceTree = "<group>"; };
		EBD707882997102500ECF0E8 /* EventListViewModel.swift */ = {isa = PBXFileReference; lastKnownFileType = sourcecode.swift; path = EventListViewModel.swift; sourceTree = "<group>"; };
		EBD7078A299713FE00ECF0E8 /* NetworkingAssembly.swift */ = {isa = PBXFileReference; lastKnownFileType = sourcecode.swift; path = NetworkingAssembly.swift; sourceTree = "<group>"; };
		EBD7078C2997140900ECF0E8 /* RepositoryAssembly.swift */ = {isa = PBXFileReference; lastKnownFileType = sourcecode.swift; path = RepositoryAssembly.swift; sourceTree = "<group>"; };
		EBD707902997146200ECF0E8 /* SportsService.swift */ = {isa = PBXFileReference; lastKnownFileType = sourcecode.swift; path = SportsService.swift; sourceTree = "<group>"; };
		EBD70797299717AB00ECF0E8 /* EventRepository.swift */ = {isa = PBXFileReference; lastKnownFileType = sourcecode.swift; path = EventRepository.swift; sourceTree = "<group>"; };
		EBD7079A29971C9200ECF0E8 /* Development.xcconfig */ = {isa = PBXFileReference; lastKnownFileType = text.xcconfig; path = Development.xcconfig; sourceTree = "<group>"; };
		EBD7079B29971E1C00ECF0E8 /* Environment.swift */ = {isa = PBXFileReference; lastKnownFileType = sourcecode.swift; path = Environment.swift; sourceTree = "<group>"; };
		EBD707A3299726EC00ECF0E8 /* SportData.swift */ = {isa = PBXFileReference; lastKnownFileType = sourcecode.swift; path = SportData.swift; sourceTree = "<group>"; };
		EBD707A52997272900ECF0E8 /* EventData.swift */ = {isa = PBXFileReference; lastKnownFileType = sourcecode.swift; path = EventData.swift; sourceTree = "<group>"; };
/* End PBXFileReference section */

/* Begin PBXFrameworksBuildPhase section */
		EBD707352996FF4D00ECF0E8 /* Frameworks */ = {
			isa = PBXFrameworksBuildPhase;
			buildActionMask = 2147483647;
			files = (
				EBD7078129970E4400ECF0E8 /* Swinject in Frameworks */,
				EBD7079F2997208B00ECF0E8 /* Alamofire in Frameworks */,
			);
			runOnlyForDeploymentPostprocessing = 0;
		};
		EBD7074B2996FF4F00ECF0E8 /* Frameworks */ = {
			isa = PBXFrameworksBuildPhase;
			buildActionMask = 2147483647;
			files = (
				EBAF39F9299AF162005ED847 /* Cuckoo in Frameworks */,
			);
			runOnlyForDeploymentPostprocessing = 0;
		};
		EBD707552996FF4F00ECF0E8 /* Frameworks */ = {
			isa = PBXFrameworksBuildPhase;
			buildActionMask = 2147483647;
			files = (
			);
			runOnlyForDeploymentPostprocessing = 0;
		};
/* End PBXFrameworksBuildPhase section */

/* Begin PBXGroup section */
		EB2C7ADA299967BE006F2486 /* UI */ = {
			isa = PBXGroup;
			children = (
				EB2C7ADB299967DA006F2486 /* SportIcon.swift */,
			);
			path = UI;
			sourceTree = "<group>";
		};
		EB2C7AE42999AB1B006F2486 /* ViewComponents */ = {
			isa = PBXGroup;
			children = (
				EBAF39DB299AC87C005ED847 /* CustomAlertViewController */,
				EB2C7AE62999B3EB006F2486 /* HorizontalCollectionViewTableViewCell */,
				EB2C7AE52999AB27006F2486 /* ExpandableSectionTableViewHeaderView */,
			);
			path = ViewComponents;
			sourceTree = "<group>";
		};
		EB2C7AE52999AB27006F2486 /* ExpandableSectionTableViewHeaderView */ = {
			isa = PBXGroup;
			children = (
				EB4B69962997FBB6003CE1F1 /* ExpandableSectionHeaderView.swift */,
				EB4B69942997FBA3003CE1F1 /* ExpandableSectionHeaderView.xib */,
			);
			path = ExpandableSectionTableViewHeaderView;
			sourceTree = "<group>";
		};
		EB2C7AE62999B3EB006F2486 /* HorizontalCollectionViewTableViewCell */ = {
			isa = PBXGroup;
			children = (
				EB4B698B2997F57E003CE1F1 /* HorizontalCollectionViewTableViewCell.swift */,
				EB4B698C2997F57E003CE1F1 /* HorizontalCollectionViewTableViewCell.xib */,
			);
			path = HorizontalCollectionViewTableViewCell;
			sourceTree = "<group>";
		};
		EB2C7B09299A211B006F2486 /* Protocols */ = {
			isa = PBXGroup;
			children = (
				EB2C7B0A299A212B006F2486 /* BaseServiceProtocol.swift */,
				EB2C7B0C299A2143006F2486 /* SportsServiceProtocol.swift */,
			);
			path = Protocols;
			sourceTree = "<group>";
		};
		EB4B69782997BF5C003CE1F1 /* Models */ = {
			isa = PBXGroup;
			children = (
				EB2C7ADA299967BE006F2486 /* UI */,
				EBA8FCB82998391E0075B4D8 /* Notifications */,
				EB4B69792997BF65003CE1F1 /* Errors */,
				EB4B69832997EBF3003CE1F1 /* EventsBySport.swift */,
				EB4B69852997EC00003CE1F1 /* Sport.swift */,
				EB4B69872997EC08003CE1F1 /* Event.swift */,
			);
			path = Models;
			sourceTree = "<group>";
		};
		EB4B69792997BF65003CE1F1 /* Errors */ = {
			isa = PBXGroup;
			children = (
				EB4B697A2997BF74003CE1F1 /* PresentableError.swift */,
				EB4B697C2997BF8E003CE1F1 /* GetEventsBySportError.swift */,
			);
			path = Errors;
			sourceTree = "<group>";
		};
		EB4B69822997E50F003CE1F1 /* Cells */ = {
			isa = PBXGroup;
			children = (
				EB4B698F2997F7C7003CE1F1 /* EventCollectionViewCell.swift */,
				EB4B69902997F7C7003CE1F1 /* EventCollectionViewCell.xib */,
			);
			path = Cells;
			sourceTree = "<group>";
		};
		EBA8FCB4299820C90075B4D8 /* Extensions */ = {
			isa = PBXGroup;
			children = (
				EBA8FCB2299820C60075B4D8 /* Collection.swift */,
				EBA8FCB6299838BB0075B4D8 /* Notification.swift */,
				EB2C7AD6299965F7006F2486 /* UIView.swift */,
				EB2C7AEB2999B576006F2486 /* UIColor.swift */,
				EB2C7AED2999B580006F2486 /* UIImage.swift */,
				EB2C7B04299A1509006F2486 /* UIViewController.swift */,
				EB2C7B06299A1DB1006F2486 /* Date.swift */,
				EBAF3A01299AFC73005ED847 /* UIWindow.swift */,
			);
			path = Extensions;
			sourceTree = "<group>";
		};
		EBA8FCB82998391E0075B4D8 /* Notifications */ = {
			isa = PBXGroup;
			children = (
				EBA8FCB92998392D0075B4D8 /* DidUpdateEventFavoriteStatusNotificationPayload.swift */,
				EBA8FCCD299931240075B4D8 /* DidAddEventToFavoritesNotificationPayload.swift */,
				EBA8FCCF299931420075B4D8 /* DidRemoveEventFromFavoritesNotificationPayload.swift */,
				EB2C7ADF2999A863006F2486 /* DidUpdateExpandableSectionExpansionStatusNotificationPayload.swift */,
			);
			path = Notifications;
			sourceTree = "<group>";
		};
		EBA8FCBE29991F9E0075B4D8 /* Persistance */ = {
			isa = PBXGroup;
			children = (
				EBA8FCC4299921400075B4D8 /* Protocols */,
				EBA8FCC2299920920075B4D8 /* InMemoryFavoritesStorage.swift */,
			);
			path = Persistance;
			sourceTree = "<group>";
		};
		EBA8FCC4299921400075B4D8 /* Protocols */ = {
			isa = PBXGroup;
			children = (
				EBA8FCC02999204E0075B4D8 /* FavoritesStorageProtocol.swift */,
			);
			path = Protocols;
			sourceTree = "<group>";
		};
		EBA8FCC5299921480075B4D8 /* Protocols */ = {
			isa = PBXGroup;
			children = (
				EBA8FCC6299921590075B4D8 /* EventRepositoryProtocol.swift */,
				EBA8FCC9299921710075B4D8 /* FavoritesRepositoryProtocol.swift */,
			);
			path = Protocols;
			sourceTree = "<group>";
		};
		EBA8FCD52999464D0075B4D8 /* Resources */ = {
			isa = PBXGroup;
			children = (
				EBA8FCD6299946580075B4D8 /* Fonts */,
				EBA8FCD3299944950075B4D8 /* Colors.xcassets */,
				EBD707442996FF4F00ECF0E8 /* Assets.xcassets */,
			);
			path = Resources;
			sourceTree = "<group>";
		};
		EBA8FCD6299946580075B4D8 /* Fonts */ = {
			isa = PBXGroup;
			children = (
				EBA8FCD72999465E0075B4D8 /* Poppins */,
			);
			path = Fonts;
			sourceTree = "<group>";
		};
		EBA8FCD72999465E0075B4D8 /* Poppins */ = {
			isa = PBXGroup;
			children = (
				EBA8FCE92999467F0075B4D8 /* Poppins-Black.ttf */,
				EBA8FCE42999467F0075B4D8 /* Poppins-BlackItalic.ttf */,
				EBA8FCDD2999467F0075B4D8 /* Poppins-Bold.ttf */,
				EBA8FCE32999467F0075B4D8 /* Poppins-BoldItalic.ttf */,
				EBA8FCE52999467F0075B4D8 /* Poppins-ExtraBold.ttf */,
				EBA8FCDB2999467F0075B4D8 /* Poppins-ExtraBoldItalic.ttf */,
				EBA8FCD82999467E0075B4D8 /* Poppins-ExtraLight.ttf */,
				EBA8FCE62999467F0075B4D8 /* Poppins-ExtraLightItalic.ttf */,
				EBA8FCE02999467F0075B4D8 /* Poppins-Italic.ttf */,
				EBA8FCDE2999467F0075B4D8 /* Poppins-Light.ttf */,
				EBA8FCE12999467F0075B4D8 /* Poppins-LightItalic.ttf */,
				EBA8FCDC2999467F0075B4D8 /* Poppins-Medium.ttf */,
				EBA8FCE22999467F0075B4D8 /* Poppins-MediumItalic.ttf */,
				EBA8FCE72999467F0075B4D8 /* Poppins-Regular.ttf */,
				EBA8FCDA2999467E0075B4D8 /* Poppins-SemiBold.ttf */,
				EBA8FCE82999467F0075B4D8 /* Poppins-SemiBoldItalic.ttf */,
				EBA8FCDF2999467F0075B4D8 /* Poppins-Thin.ttf */,
				EBA8FCD92999467E0075B4D8 /* Poppins-ThinItalic.ttf */,
			);
			path = Poppins;
			sourceTree = "<group>";
		};
		EBAF39DB299AC87C005ED847 /* CustomAlertViewController */ = {
			isa = PBXGroup;
			children = (
				EBAF39DC299AC8A1005ED847 /* CustomAlertViewController.swift */,
				EBAF39DE299AC8AD005ED847 /* CustomAlertView.storyboard */,
			);
			path = CustomAlertViewController;
			sourceTree = "<group>";
		};
		EBAF39E7299AE7C4005ED847 /* Repositories */ = {
			isa = PBXGroup;
			children = (
				EBAF39EA299AE7E5005ED847 /* EventRepositoryTests.swift */,
			);
			path = Repositories;
			sourceTree = "<group>";
		};
		EBAF39EC299AE8DA005ED847 /* Factories */ = {
			isa = PBXGroup;
			children = (
				EBAF39ED299AE8EC005ED847 /* SportAndEventsFactory.swift */,
			);
			path = Factories;
			sourceTree = "<group>";
		};
		EBAF39FA299AF1E4005ED847 /* Scenes */ = {
			isa = PBXGroup;
			children = (
				EBAF39FC299AF1EA005ED847 /* Events */,
			);
			path = Scenes;
			sourceTree = "<group>";
		};
		EBAF39FC299AF1EA005ED847 /* Events */ = {
			isa = PBXGroup;
			children = (
				EBAF39FD299AF208005ED847 /* EventListViewModelTests.swift */,
				EBAF39FF299AF728005ED847 /* EventListViewController.swift */,
			);
			path = Events;
			sourceTree = "<group>";
		};
		EBD7072F2996FF4D00ECF0E8 = {
			isa = PBXGroup;
			children = (
				EBD7073A2996FF4D00ECF0E8 /* UpcomingSportEvents */,
				EBD707512996FF4F00ECF0E8 /* UpcomingSportEventsTests */,
				EBD7075B2996FF4F00ECF0E8 /* UpcomingSportEventsUITests */,
				EBD707392996FF4D00ECF0E8 /* Products */,
			);
			sourceTree = "<group>";
		};
		EBD707392996FF4D00ECF0E8 /* Products */ = {
			isa = PBXGroup;
			children = (
				EBD707382996FF4D00ECF0E8 /* UpcomingSportEvents.app */,
				EBD7074E2996FF4F00ECF0E8 /* UpcomingSportEventsTests.xctest */,
				EBD707582996FF4F00ECF0E8 /* UpcomingSportEventsUITests.xctest */,
			);
			name = Products;
			sourceTree = "<group>";
		};
		EBD7073A2996FF4D00ECF0E8 /* UpcomingSportEvents */ = {
			isa = PBXGroup;
			children = (
				EBD7077C29970DC300ECF0E8 /* DependencyInjection */,
				EBD7076B299700A200ECF0E8 /* Scenes */,
				EB2C7AE42999AB1B006F2486 /* ViewComponents */,
				EBD7078E2997144000ECF0E8 /* Networking */,
				EBD707962997179900ECF0E8 /* Repositories */,
				EBA8FCBE29991F9E0075B4D8 /* Persistance */,
				EB4B69782997BF5C003CE1F1 /* Models */,
				EBD70771299701CB00ECF0E8 /* Helpers */,
				EBD7079929971C7600ECF0E8 /* Configurations */,
				EBA8FCD52999464D0075B4D8 /* Resources */,
				EBD7073B2996FF4D00ECF0E8 /* AppDelegate.swift */,
				EBD707462996FF4F00ECF0E8 /* LaunchScreen.storyboard */,
				EBD707492996FF4F00ECF0E8 /* Info.plist */,
				EBAF39F5299AF0E3005ED847 /* main.swift */,
			);
			path = UpcomingSportEvents;
			sourceTree = "<group>";
		};
		EBD707512996FF4F00ECF0E8 /* UpcomingSportEventsTests */ = {
			isa = PBXGroup;
			children = (
				EBAF39FA299AF1E4005ED847 /* Scenes */,
				EBAF39EC299AE8DA005ED847 /* Factories */,
				EBAF39E7299AE7C4005ED847 /* Repositories */,
				EBAF39E5299AE647005ED847 /* GeneratedMocks.swift */,
				EBAF39F3299AEB07005ED847 /* Matchables.swift */,
			);
			path = UpcomingSportEventsTests;
			sourceTree = "<group>";
		};
		EBD7075B2996FF4F00ECF0E8 /* UpcomingSportEventsUITests */ = {
			isa = PBXGroup;
			children = (
				EBD7075C2996FF4F00ECF0E8 /* UpcomingSportEventsUITests.swift */,
				EBD7075E2996FF4F00ECF0E8 /* UpcomingSportEventsUITestsLaunchTests.swift */,
			);
			path = UpcomingSportEventsUITests;
			sourceTree = "<group>";
		};
		EBD7076B299700A200ECF0E8 /* Scenes */ = {
			isa = PBXGroup;
			children = (
				EBD7076C299700AA00ECF0E8 /* Events */,
			);
			path = Scenes;
			sourceTree = "<group>";
		};
		EBD7076C299700AA00ECF0E8 /* Events */ = {
			isa = PBXGroup;
			children = (
				EBD7076E2997016A00ECF0E8 /* EventList */,
			);
			path = Events;
			sourceTree = "<group>";
		};
		EBD7076E2997016A00ECF0E8 /* EventList */ = {
			isa = PBXGroup;
			children = (
				EB4B69822997E50F003CE1F1 /* Cells */,
				EBD7076F2997018E00ECF0E8 /* EventListViewController.swift */,
				EBD707882997102500ECF0E8 /* EventListViewModel.swift */,
				EBD707752997023E00ECF0E8 /* EventList.storyboard */,
			);
			path = EventList;
			sourceTree = "<group>";
		};
		EBD70771299701CB00ECF0E8 /* Helpers */ = {
			isa = PBXGroup;
			children = (
				EBA8FCB4299820C90075B4D8 /* Extensions */,
				EBD7079B29971E1C00ECF0E8 /* Environment.swift */,
				EBD707732997020600ECF0E8 /* Storyboarded.swift */,
				EBD707772997027200ECF0E8 /* ViewConstructor.swift */,
				EBA8FCB0299808650075B4D8 /* UIDesignableView.swift */,
				EBAF39E2299AD20E005ED847 /* GlobalConstants.swift */,
			);
			path = Helpers;
			sourceTree = "<group>";
		};
		EBD7077C29970DC300ECF0E8 /* DependencyInjection */ = {
			isa = PBXGroup;
			children = (
				EBD7078229970F5800ECF0E8 /* Scenes */,
				EBD7077D29970DDB00ECF0E8 /* DIContainer.swift */,
				EBD7078A299713FE00ECF0E8 /* NetworkingAssembly.swift */,
				EBD7078C2997140900ECF0E8 /* RepositoryAssembly.swift */,
				EBA8FCCB299922930075B4D8 /* PersistenceAssembly.swift */,
				EBAF39E0299ACFF0005ED847 /* MiscellaneousAssembly.swift */,
			);
			path = DependencyInjection;
			sourceTree = "<group>";
		};
		EBD7078229970F5800ECF0E8 /* Scenes */ = {
			isa = PBXGroup;
			children = (
				EBD7078329970F6000ECF0E8 /* Events */,
				EBD7078629970F9B00ECF0E8 /* SceneAssembly.swift */,
			);
			path = Scenes;
			sourceTree = "<group>";
		};
		EBD7078329970F6000ECF0E8 /* Events */ = {
			isa = PBXGroup;
			children = (
				EBD7078429970F7000ECF0E8 /* EventListSceneAssembly.swift */,
			);
			path = Events;
			sourceTree = "<group>";
		};
		EBD7078E2997144000ECF0E8 /* Networking */ = {
			isa = PBXGroup;
			children = (
				EB2C7B09299A211B006F2486 /* Protocols */,
				EBD707A12997268C00ECF0E8 /* SportsService */,
				EB4B69802997C3F2003CE1F1 /* BaseService.swift */,
				EB4B697E2997C273003CE1F1 /* NetworkError.swift */,
			);
			path = Networking;
			sourceTree = "<group>";
		};
		EBD707962997179900ECF0E8 /* Repositories */ = {
			isa = PBXGroup;
			children = (
				EBA8FCC5299921480075B4D8 /* Protocols */,
				EBD70797299717AB00ECF0E8 /* EventRepository.swift */,
				EBA8FCBC29991F0D0075B4D8 /* FavoritesRepository.swift */,
			);
			path = Repositories;
			sourceTree = "<group>";
		};
		EBD7079929971C7600ECF0E8 /* Configurations */ = {
			isa = PBXGroup;
			children = (
				EBD7079A29971C9200ECF0E8 /* Development.xcconfig */,
			);
			path = Configurations;
			sourceTree = "<group>";
		};
		EBD707A12997268C00ECF0E8 /* SportsService */ = {
			isa = PBXGroup;
			children = (
				EBD707A22997269C00ECF0E8 /* Models */,
				EBD707902997146200ECF0E8 /* SportsService.swift */,
			);
			path = SportsService;
			sourceTree = "<group>";
		};
		EBD707A22997269C00ECF0E8 /* Models */ = {
			isa = PBXGroup;
			children = (
				EBD707A3299726EC00ECF0E8 /* SportData.swift */,
				EBD707A52997272900ECF0E8 /* EventData.swift */,
			);
			path = Models;
			sourceTree = "<group>";
		};
/* End PBXGroup section */

/* Begin PBXNativeTarget section */
		EBD707372996FF4D00ECF0E8 /* UpcomingSportEvents */ = {
			isa = PBXNativeTarget;
			buildConfigurationList = EBD707622996FF4F00ECF0E8 /* Build configuration list for PBXNativeTarget "UpcomingSportEvents" */;
			buildPhases = (
				EBD707342996FF4D00ECF0E8 /* Sources */,
				EBD707792997055A00ECF0E8 /* Run SwiftLint */,
				EBD707352996FF4D00ECF0E8 /* Frameworks */,
				EBD707362996FF4D00ECF0E8 /* Resources */,
			);
			buildRules = (
			);
			dependencies = (
			);
			name = UpcomingSportEvents;
			packageProductDependencies = (
				EBD7078029970E4400ECF0E8 /* Swinject */,
				EBD7079E2997208B00ECF0E8 /* Alamofire */,
			);
			productName = UpcomingSportEvents;
			productReference = EBD707382996FF4D00ECF0E8 /* UpcomingSportEvents.app */;
			productType = "com.apple.product-type.application";
		};
		EBD7074D2996FF4F00ECF0E8 /* UpcomingSportEventsTests */ = {
			isa = PBXNativeTarget;
			buildConfigurationList = EBD707652996FF4F00ECF0E8 /* Build configuration list for PBXNativeTarget "UpcomingSportEventsTests" */;
			buildPhases = (
				EBAF39E4299AE573005ED847 /* Run Cuckoo */,
				EBD7074A2996FF4F00ECF0E8 /* Sources */,
				EBD7074B2996FF4F00ECF0E8 /* Frameworks */,
				EBD7074C2996FF4F00ECF0E8 /* Resources */,
			);
			buildRules = (
			);
			dependencies = (
				EBD707502996FF4F00ECF0E8 /* PBXTargetDependency */,
			);
			name = UpcomingSportEventsTests;
			packageProductDependencies = (
				EBAF39F8299AF162005ED847 /* Cuckoo */,
			);
			productName = UpcomingSportEventsTests;
			productReference = EBD7074E2996FF4F00ECF0E8 /* UpcomingSportEventsTests.xctest */;
			productType = "com.apple.product-type.bundle.unit-test";
		};
		EBD707572996FF4F00ECF0E8 /* UpcomingSportEventsUITests */ = {
			isa = PBXNativeTarget;
			buildConfigurationList = EBD707682996FF4F00ECF0E8 /* Build configuration list for PBXNativeTarget "UpcomingSportEventsUITests" */;
			buildPhases = (
				EBD707542996FF4F00ECF0E8 /* Sources */,
				EBD707552996FF4F00ECF0E8 /* Frameworks */,
				EBD707562996FF4F00ECF0E8 /* Resources */,
			);
			buildRules = (
			);
			dependencies = (
				EBD7075A2996FF4F00ECF0E8 /* PBXTargetDependency */,
			);
			name = UpcomingSportEventsUITests;
			productName = UpcomingSportEventsUITests;
			productReference = EBD707582996FF4F00ECF0E8 /* UpcomingSportEventsUITests.xctest */;
			productType = "com.apple.product-type.bundle.ui-testing";
		};
/* End PBXNativeTarget section */

/* Begin PBXProject section */
		EBD707302996FF4D00ECF0E8 /* Project object */ = {
			isa = PBXProject;
			attributes = {
				BuildIndependentTargetsInParallel = 1;
				LastSwiftUpdateCheck = 1410;
				LastUpgradeCheck = 1410;
				TargetAttributes = {
					EBD707372996FF4D00ECF0E8 = {
						CreatedOnToolsVersion = 14.1;
					};
					EBD7074D2996FF4F00ECF0E8 = {
						CreatedOnToolsVersion = 14.1;
						TestTargetID = EBD707372996FF4D00ECF0E8;
					};
					EBD707572996FF4F00ECF0E8 = {
						CreatedOnToolsVersion = 14.1;
						TestTargetID = EBD707372996FF4D00ECF0E8;
					};
				};
			};
			buildConfigurationList = EBD707332996FF4D00ECF0E8 /* Build configuration list for PBXProject "UpcomingSportEvents" */;
			compatibilityVersion = "Xcode 14.0";
			developmentRegion = en;
			hasScannedForEncodings = 0;
			knownRegions = (
				en,
				Base,
			);
			mainGroup = EBD7072F2996FF4D00ECF0E8;
			packageReferences = (
				EBD7077F29970E4400ECF0E8 /* XCRemoteSwiftPackageReference "Swinject" */,
				EBD7079D2997208B00ECF0E8 /* XCRemoteSwiftPackageReference "Alamofire" */,
				EBAF39F7299AF162005ED847 /* XCRemoteSwiftPackageReference "Cuckoo" */,
			);
			productRefGroup = EBD707392996FF4D00ECF0E8 /* Products */;
			projectDirPath = "";
			projectRoot = "";
			targets = (
				EBD707372996FF4D00ECF0E8 /* UpcomingSportEvents */,
				EBD7074D2996FF4F00ECF0E8 /* UpcomingSportEventsTests */,
				EBD707572996FF4F00ECF0E8 /* UpcomingSportEventsUITests */,
			);
		};
/* End PBXProject section */

/* Begin PBXResourcesBuildPhase section */
		EBD707362996FF4D00ECF0E8 /* Resources */ = {
			isa = PBXResourcesBuildPhase;
			buildActionMask = 2147483647;
			files = (
				EB2C7AEF2999BB79006F2486 /* Poppins-Black.ttf in Resources */,
				EB2C7AF02999BB79006F2486 /* Poppins-BlackItalic.ttf in Resources */,
				EB2C7AF12999BB79006F2486 /* Poppins-Bold.ttf in Resources */,
				EB2C7AF22999BB79006F2486 /* Poppins-BoldItalic.ttf in Resources */,
				EB2C7AF32999BB79006F2486 /* Poppins-ExtraBold.ttf in Resources */,
				EB2C7AF42999BB79006F2486 /* Poppins-ExtraBoldItalic.ttf in Resources */,
				EB2C7AF52999BB79006F2486 /* Poppins-ExtraLight.ttf in Resources */,
				EB2C7AF62999BB79006F2486 /* Poppins-ExtraLightItalic.ttf in Resources */,
				EB2C7AF72999BB79006F2486 /* Poppins-Italic.ttf in Resources */,
				EB2C7AF82999BB79006F2486 /* Poppins-Light.ttf in Resources */,
				EB2C7AF92999BB79006F2486 /* Poppins-LightItalic.ttf in Resources */,
				EB2C7AFA2999BB79006F2486 /* Poppins-Medium.ttf in Resources */,
				EB2C7AFB2999BB79006F2486 /* Poppins-MediumItalic.ttf in Resources */,
				EBAF39DF299AC8AD005ED847 /* CustomAlertView.storyboard in Resources */,
				EB2C7AFC2999BB79006F2486 /* Poppins-Regular.ttf in Resources */,
				EB2C7AFD2999BB79006F2486 /* Poppins-SemiBold.ttf in Resources */,
				EB2C7AFE2999BB79006F2486 /* Poppins-SemiBoldItalic.ttf in Resources */,
				EB2C7AFF2999BB79006F2486 /* Poppins-Thin.ttf in Resources */,
				EB2C7B002999BB79006F2486 /* Poppins-ThinItalic.ttf in Resources */,
				EB4B698E2997F57E003CE1F1 /* HorizontalCollectionViewTableViewCell.xib in Resources */,
				EBD707482996FF4F00ECF0E8 /* LaunchScreen.storyboard in Resources */,
				EBD707762997023E00ECF0E8 /* EventList.storyboard in Resources */,
				EB4B69952997FBA3003CE1F1 /* ExpandableSectionHeaderView.xib in Resources */,
				EBA8FCD4299944950075B4D8 /* Colors.xcassets in Resources */,
				EBD707452996FF4F00ECF0E8 /* Assets.xcassets in Resources */,
				EB4B69922997F7C7003CE1F1 /* EventCollectionViewCell.xib in Resources */,
			);
			runOnlyForDeploymentPostprocessing = 0;
		};
		EBD7074C2996FF4F00ECF0E8 /* Resources */ = {
			isa = PBXResourcesBuildPhase;
			buildActionMask = 2147483647;
			files = (
			);
			runOnlyForDeploymentPostprocessing = 0;
		};
		EBD707562996FF4F00ECF0E8 /* Resources */ = {
			isa = PBXResourcesBuildPhase;
			buildActionMask = 2147483647;
			files = (
			);
			runOnlyForDeploymentPostprocessing = 0;
		};
/* End PBXResourcesBuildPhase section */

/* Begin PBXShellScriptBuildPhase section */
		EBAF39E4299AE573005ED847 /* Run Cuckoo */ = {
			isa = PBXShellScriptBuildPhase;
			buildActionMask = 2147483647;
			files = (
			);
			inputFileListPaths = (
			);
			inputPaths = (
			);
			name = "Run Cuckoo";
			outputFileListPaths = (
			);
			outputPaths = (
			);
			runOnlyForDeploymentPostprocessing = 0;
			shellPath = /bin/sh;
			shellScript = "if [ $ACTION == \"indexbuild\" ]; then\n  echo \"Not running Cuckoo generator during indexing.\"\n  exit 0\nfi\n\n# Skip for preview builds\nif [ \"${ENABLE_PREVIEWS}\" = \"YES\" ]; then\n  echo \"Not running Cuckoo generator during preview builds.\"\n  exit 0\nfi\n\n# Define output file. Change \"${PROJECT_DIR}/${PROJECT_NAME}Tests\" to your test's root source folder, if it's not the default name.\nOUTPUT_FILE=\"${PROJECT_DIR}/${PROJECT_NAME}Tests/GeneratedMocks.swift\"\necho \"Generated Mocks File = ${OUTPUT_FILE}\"\n\n# Define input directory. Change \"${PROJECT_DIR}/${PROJECT_NAME}\" to your project's root source folder, if it's not the default name.\nINPUT_DIR=\"${PROJECT_DIR}/${PROJECT_NAME}\"\necho \"Mocks Input Directory = ${INPUT_DIR}\"\n\n# Generate mock files, include as many input files as you'd like to create mocks for.\n\"${PROJECT_DIR}/run\" --download generate --testable \"${PROJECT_NAME}\" \\\n--output \"${OUTPUT_FILE}\" \\\n\"${INPUT_DIR}/Repositories/Protocols/EventRepositoryProtocol.swift\" \\\n\"${INPUT_DIR}/Repositories/Protocols/FavoritesRepositoryProtocol.swift\" \\\n\"${INPUT_DIR}/Networking/Protocols/BaseServiceProtocol.swift\" \\\n\"${INPUT_DIR}/Networking/Protocols/SportsServiceProtocol.swift\" \\\n\"${INPUT_DIR}/Scenes/Events/EventList/EventListViewModel.swift\" \\\n\"${INPUT_DIR}/Scenes/Events/EventList/EventListViewController.swift\" \\\n\"${INPUT_DIR}/Helpers/ViewConstructor.swift\"\n";
		};
		EBD707792997055A00ECF0E8 /* Run SwiftLint */ = {
			isa = PBXShellScriptBuildPhase;
			alwaysOutOfDate = 1;
			buildActionMask = 2147483647;
			files = (
			);
			inputFileListPaths = (
			);
			inputPaths = (
			);
			name = "Run SwiftLint";
			outputFileListPaths = (
			);
			outputPaths = (
			);
			runOnlyForDeploymentPostprocessing = 0;
			shellPath = /bin/sh;
			shellScript = "if which swiftlint > /dev/null; then\n  swiftlint --fix && swiftlint\nelse\n  echo \"warning: SwiftLint not installed, download from https://github.com/realm/SwiftLint\"\nfi\n";
		};
/* End PBXShellScriptBuildPhase section */

/* Begin PBXSourcesBuildPhase section */
		EBD707342996FF4D00ECF0E8 /* Sources */ = {
			isa = PBXSourcesBuildPhase;
			buildActionMask = 2147483647;
			files = (
				EB4B697B2997BF74003CE1F1 /* PresentableError.swift in Sources */,
				EB2C7AEC2999B576006F2486 /* UIColor.swift in Sources */,
				EBA8FCD0299931420075B4D8 /* DidRemoveEventFromFavoritesNotificationPayload.swift in Sources */,
				EB4B69912997F7C7003CE1F1 /* EventCollectionViewCell.swift in Sources */,
				EBD707A4299726EC00ECF0E8 /* SportData.swift in Sources */,
				EBA8FCBA2998392D0075B4D8 /* DidUpdateEventFavoriteStatusNotificationPayload.swift in Sources */,
				EBAF3A02299AFC73005ED847 /* UIWindow.swift in Sources */,
				EBD707702997018E00ECF0E8 /* EventListViewController.swift in Sources */,
				EBA8FCCA299921710075B4D8 /* FavoritesRepositoryProtocol.swift in Sources */,
				EB2C7B0D299A2143006F2486 /* SportsServiceProtocol.swift in Sources */,
				EB2C7B0B299A212B006F2486 /* BaseServiceProtocol.swift in Sources */,
				EBD7078729970F9B00ECF0E8 /* SceneAssembly.swift in Sources */,
				EBAF39DD299AC8A1005ED847 /* CustomAlertViewController.swift in Sources */,
				EBA8FCC7299921590075B4D8 /* EventRepositoryProtocol.swift in Sources */,
				EBAF39E1299ACFF0005ED847 /* MiscellaneousAssembly.swift in Sources */,
				EB4B698D2997F57E003CE1F1 /* HorizontalCollectionViewTableViewCell.swift in Sources */,
				EBD7078529970F7000ECF0E8 /* EventListSceneAssembly.swift in Sources */,
				EBAF39F6299AF0E3005ED847 /* main.swift in Sources */,
				EBA8FCC12999204E0075B4D8 /* FavoritesStorageProtocol.swift in Sources */,
				EB4B697D2997BF8E003CE1F1 /* GetEventsBySportError.swift in Sources */,
				EBA8FCCC299922930075B4D8 /* PersistenceAssembly.swift in Sources */,
				EB2C7B07299A1DB1006F2486 /* Date.swift in Sources */,
				EBD707A62997272900ECF0E8 /* EventData.swift in Sources */,
				EB4B69862997EC00003CE1F1 /* Sport.swift in Sources */,
				EBD707742997020600ECF0E8 /* Storyboarded.swift in Sources */,
				EBD7078B299713FE00ECF0E8 /* NetworkingAssembly.swift in Sources */,
				EB2C7ADC299967DA006F2486 /* SportIcon.swift in Sources */,
				EB4B69972997FBB6003CE1F1 /* ExpandableSectionHeaderView.swift in Sources */,
				EBD7077E29970DDB00ECF0E8 /* DIContainer.swift in Sources */,
				EBA8FCB1299808650075B4D8 /* UIDesignableView.swift in Sources */,
				EBA8FCC3299920920075B4D8 /* InMemoryFavoritesStorage.swift in Sources */,
				EB2C7B05299A1509006F2486 /* UIViewController.swift in Sources */,
				EBD707912997146200ECF0E8 /* SportsService.swift in Sources */,
				EB2C7AE02999A863006F2486 /* DidUpdateExpandableSectionExpansionStatusNotificationPayload.swift in Sources */,
				EBAF39E3299AD20E005ED847 /* GlobalConstants.swift in Sources */,
				EB4B69882997EC08003CE1F1 /* Event.swift in Sources */,
				EBD707892997102500ECF0E8 /* EventListViewModel.swift in Sources */,
				EBA8FCBD29991F0D0075B4D8 /* FavoritesRepository.swift in Sources */,
				EBA8FCB3299820C60075B4D8 /* Collection.swift in Sources */,
				EB4B69812997C3F2003CE1F1 /* BaseService.swift in Sources */,
				EBD7079C29971E1C00ECF0E8 /* Environment.swift in Sources */,
				EB2C7AEE2999B580006F2486 /* UIImage.swift in Sources */,
				EB4B69842997EBF3003CE1F1 /* EventsBySport.swift in Sources */,
				EBD707782997027200ECF0E8 /* ViewConstructor.swift in Sources */,
				EBD7073C2996FF4D00ECF0E8 /* AppDelegate.swift in Sources */,
				EB2C7AD7299965F7006F2486 /* UIView.swift in Sources */,
				EBA8FCB7299838BB0075B4D8 /* Notification.swift in Sources */,
				EB4B697F2997C273003CE1F1 /* NetworkError.swift in Sources */,
				EBA8FCCE299931240075B4D8 /* DidAddEventToFavoritesNotificationPayload.swift in Sources */,
				EBD70798299717AB00ECF0E8 /* EventRepository.swift in Sources */,
				EBD7078D2997140900ECF0E8 /* RepositoryAssembly.swift in Sources */,
			);
			runOnlyForDeploymentPostprocessing = 0;
		};
		EBD7074A2996FF4F00ECF0E8 /* Sources */ = {
			isa = PBXSourcesBuildPhase;
			buildActionMask = 2147483647;
			files = (
				EBAF39EE299AE8EC005ED847 /* SportAndEventsFactory.swift in Sources */,
				EBAF3A00299AF728005ED847 /* EventListViewController.swift in Sources */,
				EBAF39EB299AE7E5005ED847 /* EventRepositoryTests.swift in Sources */,
				EBAF39FE299AF208005ED847 /* EventListViewModelTests.swift in Sources */,
				EBAF39E6299AE647005ED847 /* GeneratedMocks.swift in Sources */,
				EBAF39F4299AEB07005ED847 /* Matchables.swift in Sources */,
			);
			runOnlyForDeploymentPostprocessing = 0;
		};
		EBD707542996FF4F00ECF0E8 /* Sources */ = {
			isa = PBXSourcesBuildPhase;
			buildActionMask = 2147483647;
			files = (
				EBD7075F2996FF4F00ECF0E8 /* UpcomingSportEventsUITestsLaunchTests.swift in Sources */,
				EBD7075D2996FF4F00ECF0E8 /* UpcomingSportEventsUITests.swift in Sources */,
			);
			runOnlyForDeploymentPostprocessing = 0;
		};
/* End PBXSourcesBuildPhase section */

/* Begin PBXTargetDependency section */
		EBD707502996FF4F00ECF0E8 /* PBXTargetDependency */ = {
			isa = PBXTargetDependency;
			target = EBD707372996FF4D00ECF0E8 /* UpcomingSportEvents */;
			targetProxy = EBD7074F2996FF4F00ECF0E8 /* PBXContainerItemProxy */;
		};
		EBD7075A2996FF4F00ECF0E8 /* PBXTargetDependency */ = {
			isa = PBXTargetDependency;
			target = EBD707372996FF4D00ECF0E8 /* UpcomingSportEvents */;
			targetProxy = EBD707592996FF4F00ECF0E8 /* PBXContainerItemProxy */;
		};
/* End PBXTargetDependency section */

/* Begin PBXVariantGroup section */
		EBD707462996FF4F00ECF0E8 /* LaunchScreen.storyboard */ = {
			isa = PBXVariantGroup;
			children = (
				EBD707472996FF4F00ECF0E8 /* Base */,
			);
			name = LaunchScreen.storyboard;
			sourceTree = "<group>";
		};
/* End PBXVariantGroup section */

/* Begin XCBuildConfiguration section */
		EBD707602996FF4F00ECF0E8 /* Development (Debug) */ = {
			isa = XCBuildConfiguration;
			buildSettings = {
				ALWAYS_SEARCH_USER_PATHS = NO;
				CLANG_ANALYZER_NONNULL = YES;
				CLANG_ANALYZER_NUMBER_OBJECT_CONVERSION = YES_AGGRESSIVE;
				CLANG_CXX_LANGUAGE_STANDARD = "gnu++20";
				CLANG_ENABLE_MODULES = YES;
				CLANG_ENABLE_OBJC_ARC = YES;
				CLANG_ENABLE_OBJC_WEAK = YES;
				CLANG_WARN_BLOCK_CAPTURE_AUTORELEASING = YES;
				CLANG_WARN_BOOL_CONVERSION = YES;
				CLANG_WARN_COMMA = YES;
				CLANG_WARN_CONSTANT_CONVERSION = YES;
				CLANG_WARN_DEPRECATED_OBJC_IMPLEMENTATIONS = YES;
				CLANG_WARN_DIRECT_OBJC_ISA_USAGE = YES_ERROR;
				CLANG_WARN_DOCUMENTATION_COMMENTS = YES;
				CLANG_WARN_EMPTY_BODY = YES;
				CLANG_WARN_ENUM_CONVERSION = YES;
				CLANG_WARN_INFINITE_RECURSION = YES;
				CLANG_WARN_INT_CONVERSION = YES;
				CLANG_WARN_NON_LITERAL_NULL_CONVERSION = YES;
				CLANG_WARN_OBJC_IMPLICIT_RETAIN_SELF = YES;
				CLANG_WARN_OBJC_LITERAL_CONVERSION = YES;
				CLANG_WARN_OBJC_ROOT_CLASS = YES_ERROR;
				CLANG_WARN_QUOTED_INCLUDE_IN_FRAMEWORK_HEADER = YES;
				CLANG_WARN_RANGE_LOOP_ANALYSIS = YES;
				CLANG_WARN_STRICT_PROTOTYPES = YES;
				CLANG_WARN_SUSPICIOUS_MOVE = YES;
				CLANG_WARN_UNGUARDED_AVAILABILITY = YES_AGGRESSIVE;
				CLANG_WARN_UNREACHABLE_CODE = YES;
				CLANG_WARN__DUPLICATE_METHOD_MATCH = YES;
				COPY_PHASE_STRIP = NO;
				DEBUG_INFORMATION_FORMAT = dwarf;
				ENABLE_STRICT_OBJC_MSGSEND = YES;
				ENABLE_TESTABILITY = YES;
				ENABLE_TESTING_SEARCH_PATHS = YES;
				GCC_C_LANGUAGE_STANDARD = gnu11;
				GCC_DYNAMIC_NO_PIC = NO;
				GCC_NO_COMMON_BLOCKS = YES;
				GCC_OPTIMIZATION_LEVEL = 0;
				GCC_PREPROCESSOR_DEFINITIONS = (
					"DEBUG=1",
					"$(inherited)",
				);
				GCC_WARN_64_TO_32_BIT_CONVERSION = YES;
				GCC_WARN_ABOUT_RETURN_TYPE = YES_ERROR;
				GCC_WARN_UNDECLARED_SELECTOR = YES;
				GCC_WARN_UNINITIALIZED_AUTOS = YES_AGGRESSIVE;
				GCC_WARN_UNUSED_FUNCTION = YES;
				GCC_WARN_UNUSED_VARIABLE = YES;
				IPHONEOS_DEPLOYMENT_TARGET = 16.1;
				MTL_ENABLE_DEBUG_INFO = INCLUDE_SOURCE;
				MTL_FAST_MATH = YES;
				ONLY_ACTIVE_ARCH = YES;
				SDKROOT = iphoneos;
				SWIFT_ACTIVE_COMPILATION_CONDITIONS = DEBUG;
				SWIFT_OPTIMIZATION_LEVEL = "-Onone";
			};
			name = "Development (Debug)";
		};
		EBD707612996FF4F00ECF0E8 /* Development (Release) */ = {
			isa = XCBuildConfiguration;
			buildSettings = {
				ALWAYS_SEARCH_USER_PATHS = NO;
				CLANG_ANALYZER_NONNULL = YES;
				CLANG_ANALYZER_NUMBER_OBJECT_CONVERSION = YES_AGGRESSIVE;
				CLANG_CXX_LANGUAGE_STANDARD = "gnu++20";
				CLANG_ENABLE_MODULES = YES;
				CLANG_ENABLE_OBJC_ARC = YES;
				CLANG_ENABLE_OBJC_WEAK = YES;
				CLANG_WARN_BLOCK_CAPTURE_AUTORELEASING = YES;
				CLANG_WARN_BOOL_CONVERSION = YES;
				CLANG_WARN_COMMA = YES;
				CLANG_WARN_CONSTANT_CONVERSION = YES;
				CLANG_WARN_DEPRECATED_OBJC_IMPLEMENTATIONS = YES;
				CLANG_WARN_DIRECT_OBJC_ISA_USAGE = YES_ERROR;
				CLANG_WARN_DOCUMENTATION_COMMENTS = YES;
				CLANG_WARN_EMPTY_BODY = YES;
				CLANG_WARN_ENUM_CONVERSION = YES;
				CLANG_WARN_INFINITE_RECURSION = YES;
				CLANG_WARN_INT_CONVERSION = YES;
				CLANG_WARN_NON_LITERAL_NULL_CONVERSION = YES;
				CLANG_WARN_OBJC_IMPLICIT_RETAIN_SELF = YES;
				CLANG_WARN_OBJC_LITERAL_CONVERSION = YES;
				CLANG_WARN_OBJC_ROOT_CLASS = YES_ERROR;
				CLANG_WARN_QUOTED_INCLUDE_IN_FRAMEWORK_HEADER = YES;
				CLANG_WARN_RANGE_LOOP_ANALYSIS = YES;
				CLANG_WARN_STRICT_PROTOTYPES = YES;
				CLANG_WARN_SUSPICIOUS_MOVE = YES;
				CLANG_WARN_UNGUARDED_AVAILABILITY = YES_AGGRESSIVE;
				CLANG_WARN_UNREACHABLE_CODE = YES;
				CLANG_WARN__DUPLICATE_METHOD_MATCH = YES;
				COPY_PHASE_STRIP = NO;
				DEBUG_INFORMATION_FORMAT = "dwarf-with-dsym";
				ENABLE_NS_ASSERTIONS = NO;
				ENABLE_STRICT_OBJC_MSGSEND = YES;
				ENABLE_TESTABILITY = YES;
				ENABLE_TESTING_SEARCH_PATHS = YES;
				GCC_C_LANGUAGE_STANDARD = gnu11;
				GCC_NO_COMMON_BLOCKS = YES;
				GCC_WARN_64_TO_32_BIT_CONVERSION = YES;
				GCC_WARN_ABOUT_RETURN_TYPE = YES_ERROR;
				GCC_WARN_UNDECLARED_SELECTOR = YES;
				GCC_WARN_UNINITIALIZED_AUTOS = YES_AGGRESSIVE;
				GCC_WARN_UNUSED_FUNCTION = YES;
				GCC_WARN_UNUSED_VARIABLE = YES;
				IPHONEOS_DEPLOYMENT_TARGET = 16.1;
				MTL_ENABLE_DEBUG_INFO = NO;
				MTL_FAST_MATH = YES;
				SDKROOT = iphoneos;
				SWIFT_COMPILATION_MODE = wholemodule;
				SWIFT_OPTIMIZATION_LEVEL = "-O";
				VALIDATE_PRODUCT = YES;
			};
			name = "Development (Release)";
		};
		EBD707632996FF4F00ECF0E8 /* Development (Debug) */ = {
			isa = XCBuildConfiguration;
			baseConfigurationReference = EBD7079A29971C9200ECF0E8 /* Development.xcconfig */;
			buildSettings = {
				ASSETCATALOG_COMPILER_APPICON_NAME = AppIcon;
				ASSETCATALOG_COMPILER_GLOBAL_ACCENT_COLOR_NAME = AccentColor;
				CODE_SIGN_STYLE = Automatic;
				CURRENT_PROJECT_VERSION = 1;
				DEVELOPMENT_TEAM = 62G7A35CG5;
				GENERATE_INFOPLIST_FILE = YES;
				INFOPLIST_FILE = UpcomingSportEvents/Info.plist;
				INFOPLIST_KEY_CFBundleDisplayName = "Sport Events";
				INFOPLIST_KEY_LSApplicationCategoryType = "public.app-category.sports";
				INFOPLIST_KEY_UIApplicationSupportsIndirectInputEvents = YES;
				INFOPLIST_KEY_UILaunchStoryboardName = LaunchScreen;
				INFOPLIST_KEY_UIMainStoryboardFile = "";
				INFOPLIST_KEY_UISupportedInterfaceOrientations_iPad = "UIInterfaceOrientationPortrait UIInterfaceOrientationPortraitUpsideDown UIInterfaceOrientationLandscapeLeft UIInterfaceOrientationLandscapeRight";
				INFOPLIST_KEY_UISupportedInterfaceOrientations_iPhone = "UIInterfaceOrientationPortrait UIInterfaceOrientationLandscapeLeft UIInterfaceOrientationLandscapeRight";
				IPHONEOS_DEPLOYMENT_TARGET = 12.0;
				LD_RUNPATH_SEARCH_PATHS = (
					"$(inherited)",
					"@executable_path/Frameworks",
				);
				MARKETING_VERSION = 1.0;
				PRODUCT_BUNDLE_IDENTIFIER = com.rodrigosalves16.UpcomingSportEvents;
				PRODUCT_NAME = "$(TARGET_NAME)";
				SWIFT_EMIT_LOC_STRINGS = YES;
				SWIFT_VERSION = 5.0;
				TARGETED_DEVICE_FAMILY = "1,2";
			};
			name = "Development (Debug)";
		};
		EBD707642996FF4F00ECF0E8 /* Development (Release) */ = {
			isa = XCBuildConfiguration;
			buildSettings = {
				ASSETCATALOG_COMPILER_APPICON_NAME = AppIcon;
				ASSETCATALOG_COMPILER_GLOBAL_ACCENT_COLOR_NAME = AccentColor;
				CODE_SIGN_STYLE = Automatic;
				CURRENT_PROJECT_VERSION = 1;
				DEVELOPMENT_TEAM = 62G7A35CG5;
				GENERATE_INFOPLIST_FILE = YES;
				INFOPLIST_FILE = UpcomingSportEvents/Info.plist;
				INFOPLIST_KEY_CFBundleDisplayName = "Sport Events";
				INFOPLIST_KEY_LSApplicationCategoryType = "public.app-category.sports";
				INFOPLIST_KEY_UIApplicationSupportsIndirectInputEvents = YES;
				INFOPLIST_KEY_UILaunchStoryboardName = LaunchScreen;
				INFOPLIST_KEY_UIMainStoryboardFile = "";
				INFOPLIST_KEY_UISupportedInterfaceOrientations_iPad = "UIInterfaceOrientationPortrait UIInterfaceOrientationPortraitUpsideDown UIInterfaceOrientationLandscapeLeft UIInterfaceOrientationLandscapeRight";
				INFOPLIST_KEY_UISupportedInterfaceOrientations_iPhone = "UIInterfaceOrientationPortrait UIInterfaceOrientationLandscapeLeft UIInterfaceOrientationLandscapeRight";
				IPHONEOS_DEPLOYMENT_TARGET = 12.0;
				LD_RUNPATH_SEARCH_PATHS = (
					"$(inherited)",
					"@executable_path/Frameworks",
				);
				MARKETING_VERSION = 1.0;
				PRODUCT_BUNDLE_IDENTIFIER = com.rodrigosalves16.UpcomingSportEvents;
				PRODUCT_NAME = "$(TARGET_NAME)";
				SWIFT_EMIT_LOC_STRINGS = YES;
				SWIFT_VERSION = 5.0;
				TARGETED_DEVICE_FAMILY = "1,2";
			};
			name = "Development (Release)";
		};
		EBD707662996FF4F00ECF0E8 /* Development (Debug) */ = {
			isa = XCBuildConfiguration;
			buildSettings = {
				ALWAYS_EMBED_SWIFT_STANDARD_LIBRARIES = YES;
				BUNDLE_LOADER = "$(TEST_HOST)";
				CODE_SIGN_STYLE = Automatic;
				CURRENT_PROJECT_VERSION = 1;
				DEVELOPMENT_TEAM = 62G7A35CG5;
				GENERATE_INFOPLIST_FILE = YES;
				IPHONEOS_DEPLOYMENT_TARGET = 16.1;
				MARKETING_VERSION = 1.0;
				PRODUCT_BUNDLE_IDENTIFIER = com.rodrigosalves.UpcomingSportEventsTests;
				PRODUCT_NAME = "$(TARGET_NAME)";
				SWIFT_EMIT_LOC_STRINGS = NO;
				SWIFT_VERSION = 5.0;
				TARGETED_DEVICE_FAMILY = "1,2";
				TEST_HOST = "$(BUILT_PRODUCTS_DIR)/UpcomingSportEvents.app/$(BUNDLE_EXECUTABLE_FOLDER_PATH)/UpcomingSportEvents";
			};
			name = "Development (Debug)";
		};
		EBD707672996FF4F00ECF0E8 /* Development (Release) */ = {
			isa = XCBuildConfiguration;
			buildSettings = {
				ALWAYS_EMBED_SWIFT_STANDARD_LIBRARIES = YES;
				BUNDLE_LOADER = "$(TEST_HOST)";
				CODE_SIGN_STYLE = Automatic;
				CURRENT_PROJECT_VERSION = 1;
				DEVELOPMENT_TEAM = 62G7A35CG5;
				GENERATE_INFOPLIST_FILE = YES;
				IPHONEOS_DEPLOYMENT_TARGET = 16.1;
				MARKETING_VERSION = 1.0;
				PRODUCT_BUNDLE_IDENTIFIER = com.rodrigosalves.UpcomingSportEventsTests;
				PRODUCT_NAME = "$(TARGET_NAME)";
				SWIFT_EMIT_LOC_STRINGS = NO;
				SWIFT_VERSION = 5.0;
				TARGETED_DEVICE_FAMILY = "1,2";
				TEST_HOST = "$(BUILT_PRODUCTS_DIR)/UpcomingSportEvents.app/$(BUNDLE_EXECUTABLE_FOLDER_PATH)/UpcomingSportEvents";
			};
			name = "Development (Release)";
		};
		EBD707692996FF4F00ECF0E8 /* Development (Debug) */ = {
			isa = XCBuildConfiguration;
			buildSettings = {
				ALWAYS_EMBED_SWIFT_STANDARD_LIBRARIES = YES;
				CODE_SIGN_STYLE = Automatic;
				CURRENT_PROJECT_VERSION = 1;
				DEVELOPMENT_TEAM = KX8YDQK9AX;
				GENERATE_INFOPLIST_FILE = YES;
				MARKETING_VERSION = 1.0;
				PRODUCT_BUNDLE_IDENTIFIER = com.rodrigosalves.UpcomingSportEventsUITests;
				PRODUCT_NAME = "$(TARGET_NAME)";
				SWIFT_EMIT_LOC_STRINGS = NO;
				SWIFT_VERSION = 5.0;
				TARGETED_DEVICE_FAMILY = "1,2";
				TEST_TARGET_NAME = UpcomingSportEvents;
			};
			name = "Development (Debug)";
		};
		EBD7076A2996FF4F00ECF0E8 /* Development (Release) */ = {
			isa = XCBuildConfiguration;
			buildSettings = {
				ALWAYS_EMBED_SWIFT_STANDARD_LIBRARIES = YES;
				CODE_SIGN_STYLE = Automatic;
				CURRENT_PROJECT_VERSION = 1;
				DEVELOPMENT_TEAM = KX8YDQK9AX;
				GENERATE_INFOPLIST_FILE = YES;
				MARKETING_VERSION = 1.0;
				PRODUCT_BUNDLE_IDENTIFIER = com.rodrigosalves.UpcomingSportEventsUITests;
				PRODUCT_NAME = "$(TARGET_NAME)";
				SWIFT_EMIT_LOC_STRINGS = NO;
				SWIFT_VERSION = 5.0;
				TARGETED_DEVICE_FAMILY = "1,2";
				TEST_TARGET_NAME = UpcomingSportEvents;
			};
			name = "Development (Release)";
		};
/* End XCBuildConfiguration section */

/* Begin XCConfigurationList section */
		EBD707332996FF4D00ECF0E8 /* Build configuration list for PBXProject "UpcomingSportEvents" */ = {
			isa = XCConfigurationList;
			buildConfigurations = (
				EBD707602996FF4F00ECF0E8 /* Development (Debug) */,
				EBD707612996FF4F00ECF0E8 /* Development (Release) */,
			);
			defaultConfigurationIsVisible = 0;
			defaultConfigurationName = "Development (Release)";
		};
		EBD707622996FF4F00ECF0E8 /* Build configuration list for PBXNativeTarget "UpcomingSportEvents" */ = {
			isa = XCConfigurationList;
			buildConfigurations = (
				EBD707632996FF4F00ECF0E8 /* Development (Debug) */,
				EBD707642996FF4F00ECF0E8 /* Development (Release) */,
			);
			defaultConfigurationIsVisible = 0;
			defaultConfigurationName = "Development (Release)";
		};
		EBD707652996FF4F00ECF0E8 /* Build configuration list for PBXNativeTarget "UpcomingSportEventsTests" */ = {
			isa = XCConfigurationList;
			buildConfigurations = (
				EBD707662996FF4F00ECF0E8 /* Development (Debug) */,
				EBD707672996FF4F00ECF0E8 /* Development (Release) */,
			);
			defaultConfigurationIsVisible = 0;
			defaultConfigurationName = "Development (Release)";
		};
		EBD707682996FF4F00ECF0E8 /* Build configuration list for PBXNativeTarget "UpcomingSportEventsUITests" */ = {
			isa = XCConfigurationList;
			buildConfigurations = (
				EBD707692996FF4F00ECF0E8 /* Development (Debug) */,
				EBD7076A2996FF4F00ECF0E8 /* Development (Release) */,
			);
			defaultConfigurationIsVisible = 0;
			defaultConfigurationName = "Development (Release)";
		};
/* End XCConfigurationList section */

/* Begin XCRemoteSwiftPackageReference section */
		EBAF39F7299AF162005ED847 /* XCRemoteSwiftPackageReference "Cuckoo" */ = {
			isa = XCRemoteSwiftPackageReference;
			repositoryURL = "https://github.com/Brightify/Cuckoo.git";
			requirement = {
				kind = upToNextMajorVersion;
				minimumVersion = 1.9.1;
			};
		};
		EBD7077F29970E4400ECF0E8 /* XCRemoteSwiftPackageReference "Swinject" */ = {
			isa = XCRemoteSwiftPackageReference;
			repositoryURL = "https://github.com/Swinject/Swinject.git";
			requirement = {
				kind = upToNextMinorVersion;
				minimumVersion = 2.8.0;
			};
		};
		EBD7079D2997208B00ECF0E8 /* XCRemoteSwiftPackageReference "Alamofire" */ = {
			isa = XCRemoteSwiftPackageReference;
			repositoryURL = "https://github.com/Alamofire/Alamofire.git";
			requirement = {
				kind = upToNextMinorVersion;
				minimumVersion = 5.6.0;
			};
		};
/* End XCRemoteSwiftPackageReference section */

/* Begin XCSwiftPackageProductDependency section */
		EBAF39F8299AF162005ED847 /* Cuckoo */ = {
			isa = XCSwiftPackageProductDependency;
			package = EBAF39F7299AF162005ED847 /* XCRemoteSwiftPackageReference "Cuckoo" */;
			productName = Cuckoo;
		};
		EBD7078029970E4400ECF0E8 /* Swinject */ = {
			isa = XCSwiftPackageProductDependency;
			package = EBD7077F29970E4400ECF0E8 /* XCRemoteSwiftPackageReference "Swinject" */;
			productName = Swinject;
		};
		EBD7079E2997208B00ECF0E8 /* Alamofire */ = {
			isa = XCSwiftPackageProductDependency;
			package = EBD7079D2997208B00ECF0E8 /* XCRemoteSwiftPackageReference "Alamofire" */;
			productName = Alamofire;
		};
/* End XCSwiftPackageProductDependency section */
	};
	rootObject = EBD707302996FF4D00ECF0E8 /* Project object */;
}
