// !$*UTF8*$!
{
	archiveVersion = 1;
	classes = {
	};
	objectVersion = 56;
	objects = {

/* Begin PBXBuildFile section */
		EB4B697B2997BF74003CE1F1 /* PresentableError.swift in Sources */ = {isa = PBXBuildFile; fileRef = EB4B697A2997BF74003CE1F1 /* PresentableError.swift */; };
		EB4B697D2997BF8E003CE1F1 /* GetEventsBySportError.swift in Sources */ = {isa = PBXBuildFile; fileRef = EB4B697C2997BF8E003CE1F1 /* GetEventsBySportError.swift */; };
		EB4B697F2997C273003CE1F1 /* NetworkError.swift in Sources */ = {isa = PBXBuildFile; fileRef = EB4B697E2997C273003CE1F1 /* NetworkError.swift */; };
		EB4B69812997C3F2003CE1F1 /* BaseService.swift in Sources */ = {isa = PBXBuildFile; fileRef = EB4B69802997C3F2003CE1F1 /* BaseService.swift */; };
		EB4B69842997EBF3003CE1F1 /* EventsBySport.swift in Sources */ = {isa = PBXBuildFile; fileRef = EB4B69832997EBF3003CE1F1 /* EventsBySport.swift */; };
		EB4B69862997EC00003CE1F1 /* Sport.swift in Sources */ = {isa = PBXBuildFile; fileRef = EB4B69852997EC00003CE1F1 /* Sport.swift */; };
		EB4B69882997EC08003CE1F1 /* Event.swift in Sources */ = {isa = PBXBuildFile; fileRef = EB4B69872997EC08003CE1F1 /* Event.swift */; };
		EB4B698D2997F57E003CE1F1 /* EventListTableViewCell.swift in Sources */ = {isa = PBXBuildFile; fileRef = EB4B698B2997F57E003CE1F1 /* EventListTableViewCell.swift */; };
		EB4B698E2997F57E003CE1F1 /* EventListTableViewCell.xib in Resources */ = {isa = PBXBuildFile; fileRef = EB4B698C2997F57E003CE1F1 /* EventListTableViewCell.xib */; };
		EB4B69912997F7C7003CE1F1 /* EventCollectionViewCell.swift in Sources */ = {isa = PBXBuildFile; fileRef = EB4B698F2997F7C7003CE1F1 /* EventCollectionViewCell.swift */; };
		EB4B69922997F7C7003CE1F1 /* EventCollectionViewCell.xib in Resources */ = {isa = PBXBuildFile; fileRef = EB4B69902997F7C7003CE1F1 /* EventCollectionViewCell.xib */; };
		EB4B69952997FBA3003CE1F1 /* SportSectionHeaderView.xib in Resources */ = {isa = PBXBuildFile; fileRef = EB4B69942997FBA3003CE1F1 /* SportSectionHeaderView.xib */; };
		EB4B69972997FBB6003CE1F1 /* SportSectionHeaderView.swift in Sources */ = {isa = PBXBuildFile; fileRef = EB4B69962997FBB6003CE1F1 /* SportSectionHeaderView.swift */; };
		EBA8FCB1299808650075B4D8 /* UIDesignableView.swift in Sources */ = {isa = PBXBuildFile; fileRef = EBA8FCB0299808650075B4D8 /* UIDesignableView.swift */; };
		EBD7073C2996FF4D00ECF0E8 /* AppDelegate.swift in Sources */ = {isa = PBXBuildFile; fileRef = EBD7073B2996FF4D00ECF0E8 /* AppDelegate.swift */; };
		EBD707452996FF4F00ECF0E8 /* Assets.xcassets in Resources */ = {isa = PBXBuildFile; fileRef = EBD707442996FF4F00ECF0E8 /* Assets.xcassets */; };
		EBD707482996FF4F00ECF0E8 /* LaunchScreen.storyboard in Resources */ = {isa = PBXBuildFile; fileRef = EBD707462996FF4F00ECF0E8 /* LaunchScreen.storyboard */; };
		EBD707532996FF4F00ECF0E8 /* UpcomingSportEventsTests.swift in Sources */ = {isa = PBXBuildFile; fileRef = EBD707522996FF4F00ECF0E8 /* UpcomingSportEventsTests.swift */; };
		EBD7075D2996FF4F00ECF0E8 /* UpcomingSportEventsUITests.swift in Sources */ = {isa = PBXBuildFile; fileRef = EBD7075C2996FF4F00ECF0E8 /* UpcomingSportEventsUITests.swift */; };
		EBD7075F2996FF4F00ECF0E8 /* UpcomingSportEventsUITestsLaunchTests.swift in Sources */ = {isa = PBXBuildFile; fileRef = EBD7075E2996FF4F00ECF0E8 /* UpcomingSportEventsUITestsLaunchTests.swift */; };
		EBD707702997018E00ECF0E8 /* EventListViewController.swift in Sources */ = {isa = PBXBuildFile; fileRef = EBD7076F2997018E00ECF0E8 /* EventListViewController.swift */; };
		EBD707742997020600ECF0E8 /* Storyboarded.swift in Sources */ = {isa = PBXBuildFile; fileRef = EBD707732997020600ECF0E8 /* Storyboarded.swift */; };
		EBD707762997023E00ECF0E8 /* EventList.storyboard in Resources */ = {isa = PBXBuildFile; fileRef = EBD707752997023E00ECF0E8 /* EventList.storyboard */; };
		EBD707782997027200ECF0E8 /* ViewConstructor.swift in Sources */ = {isa = PBXBuildFile; fileRef = EBD707772997027200ECF0E8 /* ViewConstructor.swift */; };
		EBD7077E29970DDB00ECF0E8 /* DIContainer.swift in Sources */ = {isa = PBXBuildFile; fileRef = EBD7077D29970DDB00ECF0E8 /* DIContainer.swift */; };
		EBD7078129970E4400ECF0E8 /* Swinject in Frameworks */ = {isa = PBXBuildFile; productRef = EBD7078029970E4400ECF0E8 /* Swinject */; };
		EBD7078529970F7000ECF0E8 /* EventListSceneAssembly.swift in Sources */ = {isa = PBXBuildFile; fileRef = EBD7078429970F7000ECF0E8 /* EventListSceneAssembly.swift */; };
		EBD7078729970F9B00ECF0E8 /* SceneAssembly.swift in Sources */ = {isa = PBXBuildFile; fileRef = EBD7078629970F9B00ECF0E8 /* SceneAssembly.swift */; };
		EBD707892997102500ECF0E8 /* EventListViewModel.swift in Sources */ = {isa = PBXBuildFile; fileRef = EBD707882997102500ECF0E8 /* EventListViewModel.swift */; };
		EBD7078B299713FE00ECF0E8 /* NetworkingAssembly.swift in Sources */ = {isa = PBXBuildFile; fileRef = EBD7078A299713FE00ECF0E8 /* NetworkingAssembly.swift */; };
		EBD7078D2997140900ECF0E8 /* RepositoryAssembly.swift in Sources */ = {isa = PBXBuildFile; fileRef = EBD7078C2997140900ECF0E8 /* RepositoryAssembly.swift */; };
		EBD707912997146200ECF0E8 /* SportsService.swift in Sources */ = {isa = PBXBuildFile; fileRef = EBD707902997146200ECF0E8 /* SportsService.swift */; };
		EBD70798299717AB00ECF0E8 /* EventRepository.swift in Sources */ = {isa = PBXBuildFile; fileRef = EBD70797299717AB00ECF0E8 /* EventRepository.swift */; };
		EBD7079C29971E1C00ECF0E8 /* Environment.swift in Sources */ = {isa = PBXBuildFile; fileRef = EBD7079B29971E1C00ECF0E8 /* Environment.swift */; };
		EBD7079F2997208B00ECF0E8 /* Alamofire in Frameworks */ = {isa = PBXBuildFile; productRef = EBD7079E2997208B00ECF0E8 /* Alamofire */; };
		EBD707A4299726EC00ECF0E8 /* SportData.swift in Sources */ = {isa = PBXBuildFile; fileRef = EBD707A3299726EC00ECF0E8 /* SportData.swift */; };
		EBD707A62997272900ECF0E8 /* EventData.swift in Sources */ = {isa = PBXBuildFile; fileRef = EBD707A52997272900ECF0E8 /* EventData.swift */; };
/* End PBXBuildFile section */

/* Begin PBXContainerItemProxy section */
		EBD7074F2996FF4F00ECF0E8 /* PBXContainerItemProxy */ = {
			isa = PBXContainerItemProxy;
			containerPortal = EBD707302996FF4D00ECF0E8 /* Project object */;
			proxyType = 1;
			remoteGlobalIDString = EBD707372996FF4D00ECF0E8;
			remoteInfo = UpcomingSportEvents;
		};
		EBD707592996FF4F00ECF0E8 /* PBXContainerItemProxy */ = {
			isa = PBXContainerItemProxy;
			containerPortal = EBD707302996FF4D00ECF0E8 /* Project object */;
			proxyType = 1;
			remoteGlobalIDString = EBD707372996FF4D00ECF0E8;
			remoteInfo = UpcomingSportEvents;
		};
/* End PBXContainerItemProxy section */

/* Begin PBXFileReference section */
		EB4B697A2997BF74003CE1F1 /* PresentableError.swift */ = {isa = PBXFileReference; lastKnownFileType = sourcecode.swift; path = PresentableError.swift; sourceTree = "<group>"; };
		EB4B697C2997BF8E003CE1F1 /* GetEventsBySportError.swift */ = {isa = PBXFileReference; lastKnownFileType = sourcecode.swift; path = GetEventsBySportError.swift; sourceTree = "<group>"; };
		EB4B697E2997C273003CE1F1 /* NetworkError.swift */ = {isa = PBXFileReference; lastKnownFileType = sourcecode.swift; path = NetworkError.swift; sourceTree = "<group>"; };
		EB4B69802997C3F2003CE1F1 /* BaseService.swift */ = {isa = PBXFileReference; lastKnownFileType = sourcecode.swift; path = BaseService.swift; sourceTree = "<group>"; };
		EB4B69832997EBF3003CE1F1 /* EventsBySport.swift */ = {isa = PBXFileReference; lastKnownFileType = sourcecode.swift; path = EventsBySport.swift; sourceTree = "<group>"; };
		EB4B69852997EC00003CE1F1 /* Sport.swift */ = {isa = PBXFileReference; lastKnownFileType = sourcecode.swift; path = Sport.swift; sourceTree = "<group>"; };
		EB4B69872997EC08003CE1F1 /* Event.swift */ = {isa = PBXFileReference; lastKnownFileType = sourcecode.swift; path = Event.swift; sourceTree = "<group>"; };
		EB4B698B2997F57E003CE1F1 /* EventListTableViewCell.swift */ = {isa = PBXFileReference; lastKnownFileType = sourcecode.swift; path = EventListTableViewCell.swift; sourceTree = "<group>"; };
		EB4B698C2997F57E003CE1F1 /* EventListTableViewCell.xib */ = {isa = PBXFileReference; lastKnownFileType = file.xib; path = EventListTableViewCell.xib; sourceTree = "<group>"; };
		EB4B698F2997F7C7003CE1F1 /* EventCollectionViewCell.swift */ = {isa = PBXFileReference; lastKnownFileType = sourcecode.swift; path = EventCollectionViewCell.swift; sourceTree = "<group>"; };
		EB4B69902997F7C7003CE1F1 /* EventCollectionViewCell.xib */ = {isa = PBXFileReference; lastKnownFileType = file.xib; path = EventCollectionViewCell.xib; sourceTree = "<group>"; };
		EB4B69942997FBA3003CE1F1 /* SportSectionHeaderView.xib */ = {isa = PBXFileReference; lastKnownFileType = file.xib; path = SportSectionHeaderView.xib; sourceTree = "<group>"; };
		EB4B69962997FBB6003CE1F1 /* SportSectionHeaderView.swift */ = {isa = PBXFileReference; lastKnownFileType = sourcecode.swift; path = SportSectionHeaderView.swift; sourceTree = "<group>"; };
		EBA8FCB0299808650075B4D8 /* UIDesignableView.swift */ = {isa = PBXFileReference; lastKnownFileType = sourcecode.swift; path = UIDesignableView.swift; sourceTree = "<group>"; };
		EBD707382996FF4D00ECF0E8 /* UpcomingSportEvents.app */ = {isa = PBXFileReference; explicitFileType = wrapper.application; includeInIndex = 0; path = UpcomingSportEvents.app; sourceTree = BUILT_PRODUCTS_DIR; };
		EBD7073B2996FF4D00ECF0E8 /* AppDelegate.swift */ = {isa = PBXFileReference; lastKnownFileType = sourcecode.swift; path = AppDelegate.swift; sourceTree = "<group>"; };
		EBD707442996FF4F00ECF0E8 /* Assets.xcassets */ = {isa = PBXFileReference; lastKnownFileType = folder.assetcatalog; path = Assets.xcassets; sourceTree = "<group>"; };
		EBD707472996FF4F00ECF0E8 /* Base */ = {isa = PBXFileReference; lastKnownFileType = file.storyboard; name = Base; path = Base.lproj/LaunchScreen.storyboard; sourceTree = "<group>"; };
		EBD707492996FF4F00ECF0E8 /* Info.plist */ = {isa = PBXFileReference; lastKnownFileType = text.plist.xml; path = Info.plist; sourceTree = "<group>"; };
		EBD7074E2996FF4F00ECF0E8 /* UpcomingSportEventsTests.xctest */ = {isa = PBXFileReference; explicitFileType = wrapper.cfbundle; includeInIndex = 0; path = UpcomingSportEventsTests.xctest; sourceTree = BUILT_PRODUCTS_DIR; };
		EBD707522996FF4F00ECF0E8 /* UpcomingSportEventsTests.swift */ = {isa = PBXFileReference; lastKnownFileType = sourcecode.swift; path = UpcomingSportEventsTests.swift; sourceTree = "<group>"; };
		EBD707582996FF4F00ECF0E8 /* UpcomingSportEventsUITests.xctest */ = {isa = PBXFileReference; explicitFileType = wrapper.cfbundle; includeInIndex = 0; path = UpcomingSportEventsUITests.xctest; sourceTree = BUILT_PRODUCTS_DIR; };
		EBD7075C2996FF4F00ECF0E8 /* UpcomingSportEventsUITests.swift */ = {isa = PBXFileReference; lastKnownFileType = sourcecode.swift; path = UpcomingSportEventsUITests.swift; sourceTree = "<group>"; };
		EBD7075E2996FF4F00ECF0E8 /* UpcomingSportEventsUITestsLaunchTests.swift */ = {isa = PBXFileReference; lastKnownFileType = sourcecode.swift; path = UpcomingSportEventsUITestsLaunchTests.swift; sourceTree = "<group>"; };
		EBD7076F2997018E00ECF0E8 /* EventListViewController.swift */ = {isa = PBXFileReference; lastKnownFileType = sourcecode.swift; path = EventListViewController.swift; sourceTree = "<group>"; };
		EBD707732997020600ECF0E8 /* Storyboarded.swift */ = {isa = PBXFileReference; lastKnownFileType = sourcecode.swift; path = Storyboarded.swift; sourceTree = "<group>"; };
		EBD707752997023E00ECF0E8 /* EventList.storyboard */ = {isa = PBXFileReference; lastKnownFileType = file.storyboard; path = EventList.storyboard; sourceTree = "<group>"; };
		EBD707772997027200ECF0E8 /* ViewConstructor.swift */ = {isa = PBXFileReference; lastKnownFileType = sourcecode.swift; path = ViewConstructor.swift; sourceTree = "<group>"; };
		EBD7077D29970DDB00ECF0E8 /* DIContainer.swift */ = {isa = PBXFileReference; lastKnownFileType = sourcecode.swift; path = DIContainer.swift; sourceTree = "<group>"; };
		EBD7078429970F7000ECF0E8 /* EventListSceneAssembly.swift */ = {isa = PBXFileReference; lastKnownFileType = sourcecode.swift; path = EventListSceneAssembly.swift; sourceTree = "<group>"; };
		EBD7078629970F9B00ECF0E8 /* SceneAssembly.swift */ = {isa = PBXFileReference; lastKnownFileType = sourcecode.swift; path = SceneAssembly.swift; sourceTree = "<group>"; };
		EBD707882997102500ECF0E8 /* EventListViewModel.swift */ = {isa = PBXFileReference; lastKnownFileType = sourcecode.swift; path = EventListViewModel.swift; sourceTree = "<group>"; };
		EBD7078A299713FE00ECF0E8 /* NetworkingAssembly.swift */ = {isa = PBXFileReference; lastKnownFileType = sourcecode.swift; path = NetworkingAssembly.swift; sourceTree = "<group>"; };
		EBD7078C2997140900ECF0E8 /* RepositoryAssembly.swift */ = {isa = PBXFileReference; lastKnownFileType = sourcecode.swift; path = RepositoryAssembly.swift; sourceTree = "<group>"; };
		EBD707902997146200ECF0E8 /* SportsService.swift */ = {isa = PBXFileReference; lastKnownFileType = sourcecode.swift; path = SportsService.swift; sourceTree = "<group>"; };
		EBD70797299717AB00ECF0E8 /* EventRepository.swift */ = {isa = PBXFileReference; lastKnownFileType = sourcecode.swift; path = EventRepository.swift; sourceTree = "<group>"; };
		EBD7079A29971C9200ECF0E8 /* Development.xcconfig */ = {isa = PBXFileReference; lastKnownFileType = text.xcconfig; path = Development.xcconfig; sourceTree = "<group>"; };
		EBD7079B29971E1C00ECF0E8 /* Environment.swift */ = {isa = PBXFileReference; lastKnownFileType = sourcecode.swift; path = Environment.swift; sourceTree = "<group>"; };
		EBD707A3299726EC00ECF0E8 /* SportData.swift */ = {isa = PBXFileReference; lastKnownFileType = sourcecode.swift; path = SportData.swift; sourceTree = "<group>"; };
		EBD707A52997272900ECF0E8 /* EventData.swift */ = {isa = PBXFileReference; lastKnownFileType = sourcecode.swift; path = EventData.swift; sourceTree = "<group>"; };
/* End PBXFileReference section */

/* Begin PBXFrameworksBuildPhase section */
		EBD707352996FF4D00ECF0E8 /* Frameworks */ = {
			isa = PBXFrameworksBuildPhase;
			buildActionMask = 2147483647;
			files = (
				EBD7078129970E4400ECF0E8 /* Swinject in Frameworks */,
				EBD7079F2997208B00ECF0E8 /* Alamofire in Frameworks */,
			);
			runOnlyForDeploymentPostprocessing = 0;
		};
		EBD7074B2996FF4F00ECF0E8 /* Frameworks */ = {
			isa = PBXFrameworksBuildPhase;
			buildActionMask = 2147483647;
			files = (
			);
			runOnlyForDeploymentPostprocessing = 0;
		};
		EBD707552996FF4F00ECF0E8 /* Frameworks */ = {
			isa = PBXFrameworksBuildPhase;
			buildActionMask = 2147483647;
			files = (
			);
			runOnlyForDeploymentPostprocessing = 0;
		};
/* End PBXFrameworksBuildPhase section */

/* Begin PBXGroup section */
		EB4B69782997BF5C003CE1F1 /* Models */ = {
			isa = PBXGroup;
			children = (
				EB4B69792997BF65003CE1F1 /* Errors */,
				EB4B69832997EBF3003CE1F1 /* EventsBySport.swift */,
				EB4B69852997EC00003CE1F1 /* Sport.swift */,
				EB4B69872997EC08003CE1F1 /* Event.swift */,
			);
			path = Models;
			sourceTree = "<group>";
		};
		EB4B69792997BF65003CE1F1 /* Errors */ = {
			isa = PBXGroup;
			children = (
				EB4B697A2997BF74003CE1F1 /* PresentableError.swift */,
				EB4B697C2997BF8E003CE1F1 /* GetEventsBySportError.swift */,
			);
			path = Errors;
			sourceTree = "<group>";
		};
		EB4B69822997E50F003CE1F1 /* Cells */ = {
			isa = PBXGroup;
			children = (
				EB4B698B2997F57E003CE1F1 /* EventListTableViewCell.swift */,
				EB4B698C2997F57E003CE1F1 /* EventListTableViewCell.xib */,
				EB4B698F2997F7C7003CE1F1 /* EventCollectionViewCell.swift */,
				EB4B69902997F7C7003CE1F1 /* EventCollectionViewCell.xib */,
			);
			path = Cells;
			sourceTree = "<group>";
		};
		EB4B69932997FB53003CE1F1 /* SportSectionHeader */ = {
			isa = PBXGroup;
			children = (
				EB4B69962997FBB6003CE1F1 /* SportSectionHeaderView.swift */,
				EB4B69942997FBA3003CE1F1 /* SportSectionHeaderView.xib */,
			);
			path = SportSectionHeader;
			sourceTree = "<group>";
		};
		EBD7072F2996FF4D00ECF0E8 = {
			isa = PBXGroup;
			children = (
				EBD7073A2996FF4D00ECF0E8 /* UpcomingSportEvents */,
				EBD707512996FF4F00ECF0E8 /* UpcomingSportEventsTests */,
				EBD7075B2996FF4F00ECF0E8 /* UpcomingSportEventsUITests */,
				EBD707392996FF4D00ECF0E8 /* Products */,
			);
			sourceTree = "<group>";
		};
		EBD707392996FF4D00ECF0E8 /* Products */ = {
			isa = PBXGroup;
			children = (
				EBD707382996FF4D00ECF0E8 /* UpcomingSportEvents.app */,
				EBD7074E2996FF4F00ECF0E8 /* UpcomingSportEventsTests.xctest */,
				EBD707582996FF4F00ECF0E8 /* UpcomingSportEventsUITests.xctest */,
			);
			name = Products;
			sourceTree = "<group>";
		};
		EBD7073A2996FF4D00ECF0E8 /* UpcomingSportEvents */ = {
			isa = PBXGroup;
			children = (
				EBD7077C29970DC300ECF0E8 /* DependencyInjection */,
				EBD7076B299700A200ECF0E8 /* Scenes */,
				EBD7078E2997144000ECF0E8 /* Networking */,
				EBD707962997179900ECF0E8 /* Repositories */,
				EB4B69782997BF5C003CE1F1 /* Models */,
				EBD70771299701CB00ECF0E8 /* Helpers */,
				EBD7079929971C7600ECF0E8 /* Configurations */,
				EBD7073B2996FF4D00ECF0E8 /* AppDelegate.swift */,
				EBD707442996FF4F00ECF0E8 /* Assets.xcassets */,
				EBD707462996FF4F00ECF0E8 /* LaunchScreen.storyboard */,
				EBD707492996FF4F00ECF0E8 /* Info.plist */,
			);
			path = UpcomingSportEvents;
			sourceTree = "<group>";
		};
		EBD707512996FF4F00ECF0E8 /* UpcomingSportEventsTests */ = {
			isa = PBXGroup;
			children = (
				EBD707522996FF4F00ECF0E8 /* UpcomingSportEventsTests.swift */,
			);
			path = UpcomingSportEventsTests;
			sourceTree = "<group>";
		};
		EBD7075B2996FF4F00ECF0E8 /* UpcomingSportEventsUITests */ = {
			isa = PBXGroup;
			children = (
				EBD7075C2996FF4F00ECF0E8 /* UpcomingSportEventsUITests.swift */,
				EBD7075E2996FF4F00ECF0E8 /* UpcomingSportEventsUITestsLaunchTests.swift */,
			);
			path = UpcomingSportEventsUITests;
			sourceTree = "<group>";
		};
		EBD7076B299700A200ECF0E8 /* Scenes */ = {
			isa = PBXGroup;
			children = (
				EBD7076C299700AA00ECF0E8 /* Events */,
			);
			path = Scenes;
			sourceTree = "<group>";
		};
		EBD7076C299700AA00ECF0E8 /* Events */ = {
			isa = PBXGroup;
			children = (
				EBD7076E2997016A00ECF0E8 /* EventList */,
			);
			path = Events;
			sourceTree = "<group>";
		};
		EBD7076E2997016A00ECF0E8 /* EventList */ = {
			isa = PBXGroup;
			children = (
				EB4B69932997FB53003CE1F1 /* SportSectionHeader */,
				EB4B69822997E50F003CE1F1 /* Cells */,
				EBD7076F2997018E00ECF0E8 /* EventListViewController.swift */,
				EBD707882997102500ECF0E8 /* EventListViewModel.swift */,
				EBD707752997023E00ECF0E8 /* EventList.storyboard */,
			);
			path = EventList;
			sourceTree = "<group>";
		};
		EBD70771299701CB00ECF0E8 /* Helpers */ = {
			isa = PBXGroup;
			children = (
				EBD7079B29971E1C00ECF0E8 /* Environment.swift */,
				EBD707732997020600ECF0E8 /* Storyboarded.swift */,
				EBD707772997027200ECF0E8 /* ViewConstructor.swift */,
				EBA8FCB0299808650075B4D8 /* UIDesignableView.swift */,
			);
			path = Helpers;
			sourceTree = "<group>";
		};
		EBD7077C29970DC300ECF0E8 /* DependencyInjection */ = {
			isa = PBXGroup;
			children = (
				EBD7078229970F5800ECF0E8 /* Scenes */,
				EBD7077D29970DDB00ECF0E8 /* DIContainer.swift */,
				EBD7078A299713FE00ECF0E8 /* NetworkingAssembly.swift */,
				EBD7078C2997140900ECF0E8 /* RepositoryAssembly.swift */,
			);
			path = DependencyInjection;
			sourceTree = "<group>";
		};
		EBD7078229970F5800ECF0E8 /* Scenes */ = {
			isa = PBXGroup;
			children = (
				EBD7078329970F6000ECF0E8 /* Events */,
				EBD7078629970F9B00ECF0E8 /* SceneAssembly.swift */,
			);
			path = Scenes;
			sourceTree = "<group>";
		};
		EBD7078329970F6000ECF0E8 /* Events */ = {
			isa = PBXGroup;
			children = (
				EBD7078429970F7000ECF0E8 /* EventListSceneAssembly.swift */,
			);
			path = Events;
			sourceTree = "<group>";
		};
		EBD7078E2997144000ECF0E8 /* Networking */ = {
			isa = PBXGroup;
			children = (
				EBD707A12997268C00ECF0E8 /* SportsService */,
				EB4B69802997C3F2003CE1F1 /* BaseService.swift */,
				EB4B697E2997C273003CE1F1 /* NetworkError.swift */,
			);
			path = Networking;
			sourceTree = "<group>";
		};
		EBD707962997179900ECF0E8 /* Repositories */ = {
			isa = PBXGroup;
			children = (
				EBD70797299717AB00ECF0E8 /* EventRepository.swift */,
			);
			path = Repositories;
			sourceTree = "<group>";
		};
		EBD7079929971C7600ECF0E8 /* Configurations */ = {
			isa = PBXGroup;
			children = (
				EBD7079A29971C9200ECF0E8 /* Development.xcconfig */,
			);
			path = Configurations;
			sourceTree = "<group>";
		};
		EBD707A12997268C00ECF0E8 /* SportsService */ = {
			isa = PBXGroup;
			children = (
				EBD707A22997269C00ECF0E8 /* Models */,
				EBD707902997146200ECF0E8 /* SportsService.swift */,
			);
			path = SportsService;
			sourceTree = "<group>";
		};
		EBD707A22997269C00ECF0E8 /* Models */ = {
			isa = PBXGroup;
			children = (
				EBD707A3299726EC00ECF0E8 /* SportData.swift */,
				EBD707A52997272900ECF0E8 /* EventData.swift */,
			);
			path = Models;
			sourceTree = "<group>";
		};
/* End PBXGroup section */

/* Begin PBXNativeTarget section */
		EBD707372996FF4D00ECF0E8 /* UpcomingSportEvents */ = {
			isa = PBXNativeTarget;
			buildConfigurationList = EBD707622996FF4F00ECF0E8 /* Build configuration list for PBXNativeTarget "UpcomingSportEvents" */;
			buildPhases = (
				EBD707342996FF4D00ECF0E8 /* Sources */,
				EBD707792997055A00ECF0E8 /* Run SwiftLint */,
				EBD707352996FF4D00ECF0E8 /* Frameworks */,
				EBD707362996FF4D00ECF0E8 /* Resources */,
			);
			buildRules = (
			);
			dependencies = (
			);
			name = UpcomingSportEvents;
			packageProductDependencies = (
				EBD7078029970E4400ECF0E8 /* Swinject */,
				EBD7079E2997208B00ECF0E8 /* Alamofire */,
			);
			productName = UpcomingSportEvents;
			productReference = EBD707382996FF4D00ECF0E8 /* UpcomingSportEvents.app */;
			productType = "com.apple.product-type.application";
		};
		EBD7074D2996FF4F00ECF0E8 /* UpcomingSportEventsTests */ = {
			isa = PBXNativeTarget;
			buildConfigurationList = EBD707652996FF4F00ECF0E8 /* Build configuration list for PBXNativeTarget "UpcomingSportEventsTests" */;
			buildPhases = (
				EBD7074A2996FF4F00ECF0E8 /* Sources */,
				EBD7074B2996FF4F00ECF0E8 /* Frameworks */,
				EBD7074C2996FF4F00ECF0E8 /* Resources */,
			);
			buildRules = (
			);
			dependencies = (
				EBD707502996FF4F00ECF0E8 /* PBXTargetDependency */,
			);
			name = UpcomingSportEventsTests;
			productName = UpcomingSportEventsTests;
			productReference = EBD7074E2996FF4F00ECF0E8 /* UpcomingSportEventsTests.xctest */;
			productType = "com.apple.product-type.bundle.unit-test";
		};
		EBD707572996FF4F00ECF0E8 /* UpcomingSportEventsUITests */ = {
			isa = PBXNativeTarget;
			buildConfigurationList = EBD707682996FF4F00ECF0E8 /* Build configuration list for PBXNativeTarget "UpcomingSportEventsUITests" */;
			buildPhases = (
				EBD707542996FF4F00ECF0E8 /* Sources */,
				EBD707552996FF4F00ECF0E8 /* Frameworks */,
				EBD707562996FF4F00ECF0E8 /* Resources */,
			);
			buildRules = (
			);
			dependencies = (
				EBD7075A2996FF4F00ECF0E8 /* PBXTargetDependency */,
			);
			name = UpcomingSportEventsUITests;
			productName = UpcomingSportEventsUITests;
			productReference = EBD707582996FF4F00ECF0E8 /* UpcomingSportEventsUITests.xctest */;
			productType = "com.apple.product-type.bundle.ui-testing";
		};
/* End PBXNativeTarget section */

/* Begin PBXProject section */
		EBD707302996FF4D00ECF0E8 /* Project object */ = {
			isa = PBXProject;
			attributes = {
				BuildIndependentTargetsInParallel = 1;
				LastSwiftUpdateCheck = 1410;
				LastUpgradeCheck = 1410;
				TargetAttributes = {
					EBD707372996FF4D00ECF0E8 = {
						CreatedOnToolsVersion = 14.1;
					};
					EBD7074D2996FF4F00ECF0E8 = {
						CreatedOnToolsVersion = 14.1;
						TestTargetID = EBD707372996FF4D00ECF0E8;
					};
					EBD707572996FF4F00ECF0E8 = {
						CreatedOnToolsVersion = 14.1;
						TestTargetID = EBD707372996FF4D00ECF0E8;
					};
				};
			};
			buildConfigurationList = EBD707332996FF4D00ECF0E8 /* Build configuration list for PBXProject "UpcomingSportEvents" */;
			compatibilityVersion = "Xcode 14.0";
			developmentRegion = en;
			hasScannedForEncodings = 0;
			knownRegions = (
				en,
				Base,
			);
			mainGroup = EBD7072F2996FF4D00ECF0E8;
			packageReferences = (
				EBD7077F29970E4400ECF0E8 /* XCRemoteSwiftPackageReference "Swinject" */,
				EBD7079D2997208B00ECF0E8 /* XCRemoteSwiftPackageReference "Alamofire" */,
			);
			productRefGroup = EBD707392996FF4D00ECF0E8 /* Products */;
			projectDirPath = "";
			projectRoot = "";
			targets = (
				EBD707372996FF4D00ECF0E8 /* UpcomingSportEvents */,
				EBD7074D2996FF4F00ECF0E8 /* UpcomingSportEventsTests */,
				EBD707572996FF4F00ECF0E8 /* UpcomingSportEventsUITests */,
			);
		};
/* End PBXProject section */

/* Begin PBXResourcesBuildPhase section */
		EBD707362996FF4D00ECF0E8 /* Resources */ = {
			isa = PBXResourcesBuildPhase;
			buildActionMask = 2147483647;
			files = (
				EB4B698E2997F57E003CE1F1 /* EventListTableViewCell.xib in Resources */,
				EBD707482996FF4F00ECF0E8 /* LaunchScreen.storyboard in Resources */,
				EBD707762997023E00ECF0E8 /* EventList.storyboard in Resources */,
				EB4B69952997FBA3003CE1F1 /* SportSectionHeaderView.xib in Resources */,
				EBD707452996FF4F00ECF0E8 /* Assets.xcassets in Resources */,
				EB4B69922997F7C7003CE1F1 /* EventCollectionViewCell.xib in Resources */,
			);
			runOnlyForDeploymentPostprocessing = 0;
		};
		EBD7074C2996FF4F00ECF0E8 /* Resources */ = {
			isa = PBXResourcesBuildPhase;
			buildActionMask = 2147483647;
			files = (
			);
			runOnlyForDeploymentPostprocessing = 0;
		};
		EBD707562996FF4F00ECF0E8 /* Resources */ = {
			isa = PBXResourcesBuildPhase;
			buildActionMask = 2147483647;
			files = (
			);
			runOnlyForDeploymentPostprocessing = 0;
		};
/* End PBXResourcesBuildPhase section */

/* Begin PBXShellScriptBuildPhase section */
		EBD707792997055A00ECF0E8 /* Run SwiftLint */ = {
			isa = PBXShellScriptBuildPhase;
			alwaysOutOfDate = 1;
			buildActionMask = 2147483647;
			files = (
			);
			inputFileListPaths = (
			);
			inputPaths = (
			);
			name = "Run SwiftLint";
			outputFileListPaths = (
			);
			outputPaths = (
			);
			runOnlyForDeploymentPostprocessing = 0;
			shellPath = /bin/sh;
			shellScript = "if which swiftlint > /dev/null; then\n  swiftlint --fix && swiftlint\nelse\n  echo \"warning: SwiftLint not installed, download from https://github.com/realm/SwiftLint\"\nfi\n";
		};
/* End PBXShellScriptBuildPhase section */

/* Begin PBXSourcesBuildPhase section */
		EBD707342996FF4D00ECF0E8 /* Sources */ = {
			isa = PBXSourcesBuildPhase;
			buildActionMask = 2147483647;
			files = (
				EB4B697B2997BF74003CE1F1 /* PresentableError.swift in Sources */,
				EB4B69912997F7C7003CE1F1 /* EventCollectionViewCell.swift in Sources */,
				EBD707A4299726EC00ECF0E8 /* SportData.swift in Sources */,
				EBD707702997018E00ECF0E8 /* EventListViewController.swift in Sources */,
				EBD7078729970F9B00ECF0E8 /* SceneAssembly.swift in Sources */,
				EB4B698D2997F57E003CE1F1 /* EventListTableViewCell.swift in Sources */,
				EBD7078529970F7000ECF0E8 /* EventListSceneAssembly.swift in Sources */,
				EB4B697D2997BF8E003CE1F1 /* GetEventsBySportError.swift in Sources */,
				EBD707A62997272900ECF0E8 /* EventData.swift in Sources */,
				EB4B69862997EC00003CE1F1 /* Sport.swift in Sources */,
				EBD707742997020600ECF0E8 /* Storyboarded.swift in Sources */,
				EBD7078B299713FE00ECF0E8 /* NetworkingAssembly.swift in Sources */,
				EB4B69972997FBB6003CE1F1 /* SportSectionHeaderView.swift in Sources */,
				EBD7077E29970DDB00ECF0E8 /* DIContainer.swift in Sources */,
				EBA8FCB1299808650075B4D8 /* UIDesignableView.swift in Sources */,
				EBD707912997146200ECF0E8 /* SportsService.swift in Sources */,
				EB4B69882997EC08003CE1F1 /* Event.swift in Sources */,
				EBD707892997102500ECF0E8 /* EventListViewModel.swift in Sources */,
				EB4B69812997C3F2003CE1F1 /* BaseService.swift in Sources */,
				EBD7079C29971E1C00ECF0E8 /* Environment.swift in Sources */,
				EB4B69842997EBF3003CE1F1 /* EventsBySport.swift in Sources */,
				EBD707782997027200ECF0E8 /* ViewConstructor.swift in Sources */,
				EBD7073C2996FF4D00ECF0E8 /* AppDelegate.swift in Sources */,
				EB4B697F2997C273003CE1F1 /* NetworkError.swift in Sources */,
				EBD70798299717AB00ECF0E8 /* EventRepository.swift in Sources */,
				EBD7078D2997140900ECF0E8 /* RepositoryAssembly.swift in Sources */,
			);
			runOnlyForDeploymentPostprocessing = 0;
		};
		EBD7074A2996FF4F00ECF0E8 /* Sources */ = {
			isa = PBXSourcesBuildPhase;
			buildActionMask = 2147483647;
			files = (
				EBD707532996FF4F00ECF0E8 /* UpcomingSportEventsTests.swift in Sources */,
			);
			runOnlyForDeploymentPostprocessing = 0;
		};
		EBD707542996FF4F00ECF0E8 /* Sources */ = {
			isa = PBXSourcesBuildPhase;
			buildActionMask = 2147483647;
			files = (
				EBD7075F2996FF4F00ECF0E8 /* UpcomingSportEventsUITestsLaunchTests.swift in Sources */,
				EBD7075D2996FF4F00ECF0E8 /* UpcomingSportEventsUITests.swift in Sources */,
			);
			runOnlyForDeploymentPostprocessing = 0;
		};
/* End PBXSourcesBuildPhase section */

/* Begin PBXTargetDependency section */
		EBD707502996FF4F00ECF0E8 /* PBXTargetDependency */ = {
			isa = PBXTargetDependency;
			target = EBD707372996FF4D00ECF0E8 /* UpcomingSportEvents */;
			targetProxy = EBD7074F2996FF4F00ECF0E8 /* PBXContainerItemProxy */;
		};
		EBD7075A2996FF4F00ECF0E8 /* PBXTargetDependency */ = {
			isa = PBXTargetDependency;
			target = EBD707372996FF4D00ECF0E8 /* UpcomingSportEvents */;
			targetProxy = EBD707592996FF4F00ECF0E8 /* PBXContainerItemProxy */;
		};
/* End PBXTargetDependency section */

/* Begin PBXVariantGroup section */
		EBD707462996FF4F00ECF0E8 /* LaunchScreen.storyboard */ = {
			isa = PBXVariantGroup;
			children = (
				EBD707472996FF4F00ECF0E8 /* Base */,
			);
			name = LaunchScreen.storyboard;
			sourceTree = "<group>";
		};
/* End PBXVariantGroup section */

/* Begin XCBuildConfiguration section */
		EBD707602996FF4F00ECF0E8 /* Development (Debug) */ = {
			isa = XCBuildConfiguration;
			buildSettings = {
				ALWAYS_SEARCH_USER_PATHS = NO;
				CLANG_ANALYZER_NONNULL = YES;
				CLANG_ANALYZER_NUMBER_OBJECT_CONVERSION = YES_AGGRESSIVE;
				CLANG_CXX_LANGUAGE_STANDARD = "gnu++20";
				CLANG_ENABLE_MODULES = YES;
				CLANG_ENABLE_OBJC_ARC = YES;
				CLANG_ENABLE_OBJC_WEAK = YES;
				CLANG_WARN_BLOCK_CAPTURE_AUTORELEASING = YES;
				CLANG_WARN_BOOL_CONVERSION = YES;
				CLANG_WARN_COMMA = YES;
				CLANG_WARN_CONSTANT_CONVERSION = YES;
				CLANG_WARN_DEPRECATED_OBJC_IMPLEMENTATIONS = YES;
				CLANG_WARN_DIRECT_OBJC_ISA_USAGE = YES_ERROR;
				CLANG_WARN_DOCUMENTATION_COMMENTS = YES;
				CLANG_WARN_EMPTY_BODY = YES;
				CLANG_WARN_ENUM_CONVERSION = YES;
				CLANG_WARN_INFINITE_RECURSION = YES;
				CLANG_WARN_INT_CONVERSION = YES;
				CLANG_WARN_NON_LITERAL_NULL_CONVERSION = YES;
				CLANG_WARN_OBJC_IMPLICIT_RETAIN_SELF = YES;
				CLANG_WARN_OBJC_LITERAL_CONVERSION = YES;
				CLANG_WARN_OBJC_ROOT_CLASS = YES_ERROR;
				CLANG_WARN_QUOTED_INCLUDE_IN_FRAMEWORK_HEADER = YES;
				CLANG_WARN_RANGE_LOOP_ANALYSIS = YES;
				CLANG_WARN_STRICT_PROTOTYPES = YES;
				CLANG_WARN_SUSPICIOUS_MOVE = YES;
				CLANG_WARN_UNGUARDED_AVAILABILITY = YES_AGGRESSIVE;
				CLANG_WARN_UNREACHABLE_CODE = YES;
				CLANG_WARN__DUPLICATE_METHOD_MATCH = YES;
				COPY_PHASE_STRIP = NO;
				DEBUG_INFORMATION_FORMAT = dwarf;
				ENABLE_STRICT_OBJC_MSGSEND = YES;
				ENABLE_TESTABILITY = YES;
				GCC_C_LANGUAGE_STANDARD = gnu11;
				GCC_DYNAMIC_NO_PIC = NO;
				GCC_NO_COMMON_BLOCKS = YES;
				GCC_OPTIMIZATION_LEVEL = 0;
				GCC_PREPROCESSOR_DEFINITIONS = (
					"DEBUG=1",
					"$(inherited)",
				);
				GCC_WARN_64_TO_32_BIT_CONVERSION = YES;
				GCC_WARN_ABOUT_RETURN_TYPE = YES_ERROR;
				GCC_WARN_UNDECLARED_SELECTOR = YES;
				GCC_WARN_UNINITIALIZED_AUTOS = YES_AGGRESSIVE;
				GCC_WARN_UNUSED_FUNCTION = YES;
				GCC_WARN_UNUSED_VARIABLE = YES;
				IPHONEOS_DEPLOYMENT_TARGET = 16.1;
				MTL_ENABLE_DEBUG_INFO = INCLUDE_SOURCE;
				MTL_FAST_MATH = YES;
				ONLY_ACTIVE_ARCH = YES;
				SDKROOT = iphoneos;
				SWIFT_ACTIVE_COMPILATION_CONDITIONS = DEBUG;
				SWIFT_OPTIMIZATION_LEVEL = "-Onone";
			};
			name = "Development (Debug)";
		};
		EBD707612996FF4F00ECF0E8 /* Development (Release) */ = {
			isa = XCBuildConfiguration;
			buildSettings = {
				ALWAYS_SEARCH_USER_PATHS = NO;
				CLANG_ANALYZER_NONNULL = YES;
				CLANG_ANALYZER_NUMBER_OBJECT_CONVERSION = YES_AGGRESSIVE;
				CLANG_CXX_LANGUAGE_STANDARD = "gnu++20";
				CLANG_ENABLE_MODULES = YES;
				CLANG_ENABLE_OBJC_ARC = YES;
				CLANG_ENABLE_OBJC_WEAK = YES;
				CLANG_WARN_BLOCK_CAPTURE_AUTORELEASING = YES;
				CLANG_WARN_BOOL_CONVERSION = YES;
				CLANG_WARN_COMMA = YES;
				CLANG_WARN_CONSTANT_CONVERSION = YES;
				CLANG_WARN_DEPRECATED_OBJC_IMPLEMENTATIONS = YES;
				CLANG_WARN_DIRECT_OBJC_ISA_USAGE = YES_ERROR;
				CLANG_WARN_DOCUMENTATION_COMMENTS = YES;
				CLANG_WARN_EMPTY_BODY = YES;
				CLANG_WARN_ENUM_CONVERSION = YES;
				CLANG_WARN_INFINITE_RECURSION = YES;
				CLANG_WARN_INT_CONVERSION = YES;
				CLANG_WARN_NON_LITERAL_NULL_CONVERSION = YES;
				CLANG_WARN_OBJC_IMPLICIT_RETAIN_SELF = YES;
				CLANG_WARN_OBJC_LITERAL_CONVERSION = YES;
				CLANG_WARN_OBJC_ROOT_CLASS = YES_ERROR;
				CLANG_WARN_QUOTED_INCLUDE_IN_FRAMEWORK_HEADER = YES;
				CLANG_WARN_RANGE_LOOP_ANALYSIS = YES;
				CLANG_WARN_STRICT_PROTOTYPES = YES;
				CLANG_WARN_SUSPICIOUS_MOVE = YES;
				CLANG_WARN_UNGUARDED_AVAILABILITY = YES_AGGRESSIVE;
				CLANG_WARN_UNREACHABLE_CODE = YES;
				CLANG_WARN__DUPLICATE_METHOD_MATCH = YES;
				COPY_PHASE_STRIP = NO;
				DEBUG_INFORMATION_FORMAT = "dwarf-with-dsym";
				ENABLE_NS_ASSERTIONS = NO;
				ENABLE_STRICT_OBJC_MSGSEND = YES;
				GCC_C_LANGUAGE_STANDARD = gnu11;
				GCC_NO_COMMON_BLOCKS = YES;
				GCC_WARN_64_TO_32_BIT_CONVERSION = YES;
				GCC_WARN_ABOUT_RETURN_TYPE = YES_ERROR;
				GCC_WARN_UNDECLARED_SELECTOR = YES;
				GCC_WARN_UNINITIALIZED_AUTOS = YES_AGGRESSIVE;
				GCC_WARN_UNUSED_FUNCTION = YES;
				GCC_WARN_UNUSED_VARIABLE = YES;
				IPHONEOS_DEPLOYMENT_TARGET = 16.1;
				MTL_ENABLE_DEBUG_INFO = NO;
				MTL_FAST_MATH = YES;
				SDKROOT = iphoneos;
				SWIFT_COMPILATION_MODE = wholemodule;
				SWIFT_OPTIMIZATION_LEVEL = "-O";
				VALIDATE_PRODUCT = YES;
			};
			name = "Development (Release)";
		};
		EBD707632996FF4F00ECF0E8 /* Development (Debug) */ = {
			isa = XCBuildConfiguration;
			baseConfigurationReference = EBD7079A29971C9200ECF0E8 /* Development.xcconfig */;
			buildSettings = {
				ASSETCATALOG_COMPILER_APPICON_NAME = AppIcon;
				ASSETCATALOG_COMPILER_GLOBAL_ACCENT_COLOR_NAME = AccentColor;
				CODE_SIGN_STYLE = Automatic;
				CURRENT_PROJECT_VERSION = 1;
				DEVELOPMENT_TEAM = KX8YDQK9AX;
				GENERATE_INFOPLIST_FILE = YES;
				INFOPLIST_FILE = UpcomingSportEvents/Info.plist;
				INFOPLIST_KEY_UIApplicationSupportsIndirectInputEvents = YES;
				INFOPLIST_KEY_UILaunchStoryboardName = LaunchScreen;
				INFOPLIST_KEY_UIMainStoryboardFile = "";
				INFOPLIST_KEY_UISupportedInterfaceOrientations_iPad = "UIInterfaceOrientationPortrait UIInterfaceOrientationPortraitUpsideDown UIInterfaceOrientationLandscapeLeft UIInterfaceOrientationLandscapeRight";
				INFOPLIST_KEY_UISupportedInterfaceOrientations_iPhone = "UIInterfaceOrientationPortrait UIInterfaceOrientationLandscapeLeft UIInterfaceOrientationLandscapeRight";
				IPHONEOS_DEPLOYMENT_TARGET = 12.0;
				LD_RUNPATH_SEARCH_PATHS = (
					"$(inherited)",
					"@executable_path/Frameworks",
				);
				MARKETING_VERSION = 1.0;
				PRODUCT_BUNDLE_IDENTIFIER = com.rodrigosalves.UpcomingSportEvents;
				PRODUCT_NAME = "$(TARGET_NAME)";
				SWIFT_EMIT_LOC_STRINGS = YES;
				SWIFT_VERSION = 5.0;
				TARGETED_DEVICE_FAMILY = "1,2";
			};
			name = "Development (Debug)";
		};
		EBD707642996FF4F00ECF0E8 /* Development (Release) */ = {
			isa = XCBuildConfiguration;
			buildSettings = {
				ASSETCATALOG_COMPILER_APPICON_NAME = AppIcon;
				ASSETCATALOG_COMPILER_GLOBAL_ACCENT_COLOR_NAME = AccentColor;
				CODE_SIGN_STYLE = Automatic;
				CURRENT_PROJECT_VERSION = 1;
				DEVELOPMENT_TEAM = KX8YDQK9AX;
				GENERATE_INFOPLIST_FILE = YES;
				INFOPLIST_FILE = UpcomingSportEvents/Info.plist;
				INFOPLIST_KEY_UIApplicationSupportsIndirectInputEvents = YES;
				INFOPLIST_KEY_UILaunchStoryboardName = LaunchScreen;
				INFOPLIST_KEY_UIMainStoryboardFile = "";
				INFOPLIST_KEY_UISupportedInterfaceOrientations_iPad = "UIInterfaceOrientationPortrait UIInterfaceOrientationPortraitUpsideDown UIInterfaceOrientationLandscapeLeft UIInterfaceOrientationLandscapeRight";
				INFOPLIST_KEY_UISupportedInterfaceOrientations_iPhone = "UIInterfaceOrientationPortrait UIInterfaceOrientationLandscapeLeft UIInterfaceOrientationLandscapeRight";
				IPHONEOS_DEPLOYMENT_TARGET = 12.0;
				LD_RUNPATH_SEARCH_PATHS = (
					"$(inherited)",
					"@executable_path/Frameworks",
				);
				MARKETING_VERSION = 1.0;
				PRODUCT_BUNDLE_IDENTIFIER = com.rodrigosalves.UpcomingSportEvents;
				PRODUCT_NAME = "$(TARGET_NAME)";
				SWIFT_EMIT_LOC_STRINGS = YES;
				SWIFT_VERSION = 5.0;
				TARGETED_DEVICE_FAMILY = "1,2";
			};
			name = "Development (Release)";
		};
		EBD707662996FF4F00ECF0E8 /* Development (Debug) */ = {
			isa = XCBuildConfiguration;
			buildSettings = {
				ALWAYS_EMBED_SWIFT_STANDARD_LIBRARIES = YES;
				BUNDLE_LOADER = "$(TEST_HOST)";
				CODE_SIGN_STYLE = Automatic;
				CURRENT_PROJECT_VERSION = 1;
				DEVELOPMENT_TEAM = KX8YDQK9AX;
				GENERATE_INFOPLIST_FILE = YES;
				IPHONEOS_DEPLOYMENT_TARGET = 16.1;
				MARKETING_VERSION = 1.0;
				PRODUCT_BUNDLE_IDENTIFIER = com.rodrigosalves.UpcomingSportEventsTests;
				PRODUCT_NAME = "$(TARGET_NAME)";
				SWIFT_EMIT_LOC_STRINGS = NO;
				SWIFT_VERSION = 5.0;
				TARGETED_DEVICE_FAMILY = "1,2";
				TEST_HOST = "$(BUILT_PRODUCTS_DIR)/UpcomingSportEvents.app/$(BUNDLE_EXECUTABLE_FOLDER_PATH)/UpcomingSportEvents";
			};
			name = "Development (Debug)";
		};
		EBD707672996FF4F00ECF0E8 /* Development (Release) */ = {
			isa = XCBuildConfiguration;
			buildSettings = {
				ALWAYS_EMBED_SWIFT_STANDARD_LIBRARIES = YES;
				BUNDLE_LOADER = "$(TEST_HOST)";
				CODE_SIGN_STYLE = Automatic;
				CURRENT_PROJECT_VERSION = 1;
				DEVELOPMENT_TEAM = KX8YDQK9AX;
				GENERATE_INFOPLIST_FILE = YES;
				IPHONEOS_DEPLOYMENT_TARGET = 16.1;
				MARKETING_VERSION = 1.0;
				PRODUCT_BUNDLE_IDENTIFIER = com.rodrigosalves.UpcomingSportEventsTests;
				PRODUCT_NAME = "$(TARGET_NAME)";
				SWIFT_EMIT_LOC_STRINGS = NO;
				SWIFT_VERSION = 5.0;
				TARGETED_DEVICE_FAMILY = "1,2";
				TEST_HOST = "$(BUILT_PRODUCTS_DIR)/UpcomingSportEvents.app/$(BUNDLE_EXECUTABLE_FOLDER_PATH)/UpcomingSportEvents";
			};
			name = "Development (Release)";
		};
		EBD707692996FF4F00ECF0E8 /* Development (Debug) */ = {
			isa = XCBuildConfiguration;
			buildSettings = {
				ALWAYS_EMBED_SWIFT_STANDARD_LIBRARIES = YES;
				CODE_SIGN_STYLE = Automatic;
				CURRENT_PROJECT_VERSION = 1;
				DEVELOPMENT_TEAM = KX8YDQK9AX;
				GENERATE_INFOPLIST_FILE = YES;
				MARKETING_VERSION = 1.0;
				PRODUCT_BUNDLE_IDENTIFIER = com.rodrigosalves.UpcomingSportEventsUITests;
				PRODUCT_NAME = "$(TARGET_NAME)";
				SWIFT_EMIT_LOC_STRINGS = NO;
				SWIFT_VERSION = 5.0;
				TARGETED_DEVICE_FAMILY = "1,2";
				TEST_TARGET_NAME = UpcomingSportEvents;
			};
			name = "Development (Debug)";
		};
		EBD7076A2996FF4F00ECF0E8 /* Development (Release) */ = {
			isa = XCBuildConfiguration;
			buildSettings = {
				ALWAYS_EMBED_SWIFT_STANDARD_LIBRARIES = YES;
				CODE_SIGN_STYLE = Automatic;
				CURRENT_PROJECT_VERSION = 1;
				DEVELOPMENT_TEAM = KX8YDQK9AX;
				GENERATE_INFOPLIST_FILE = YES;
				MARKETING_VERSION = 1.0;
				PRODUCT_BUNDLE_IDENTIFIER = com.rodrigosalves.UpcomingSportEventsUITests;
				PRODUCT_NAME = "$(TARGET_NAME)";
				SWIFT_EMIT_LOC_STRINGS = NO;
				SWIFT_VERSION = 5.0;
				TARGETED_DEVICE_FAMILY = "1,2";
				TEST_TARGET_NAME = UpcomingSportEvents;
			};
			name = "Development (Release)";
		};
/* End XCBuildConfiguration section */

/* Begin XCConfigurationList section */
		EBD707332996FF4D00ECF0E8 /* Build configuration list for PBXProject "UpcomingSportEvents" */ = {
			isa = XCConfigurationList;
			buildConfigurations = (
				EBD707602996FF4F00ECF0E8 /* Development (Debug) */,
				EBD707612996FF4F00ECF0E8 /* Development (Release) */,
			);
			defaultConfigurationIsVisible = 0;
			defaultConfigurationName = "Development (Release)";
		};
		EBD707622996FF4F00ECF0E8 /* Build configuration list for PBXNativeTarget "UpcomingSportEvents" */ = {
			isa = XCConfigurationList;
			buildConfigurations = (
				EBD707632996FF4F00ECF0E8 /* Development (Debug) */,
				EBD707642996FF4F00ECF0E8 /* Development (Release) */,
			);
			defaultConfigurationIsVisible = 0;
			defaultConfigurationName = "Development (Release)";
		};
		EBD707652996FF4F00ECF0E8 /* Build configuration list for PBXNativeTarget "UpcomingSportEventsTests" */ = {
			isa = XCConfigurationList;
			buildConfigurations = (
				EBD707662996FF4F00ECF0E8 /* Development (Debug) */,
				EBD707672996FF4F00ECF0E8 /* Development (Release) */,
			);
			defaultConfigurationIsVisible = 0;
			defaultConfigurationName = "Development (Release)";
		};
		EBD707682996FF4F00ECF0E8 /* Build configuration list for PBXNativeTarget "UpcomingSportEventsUITests" */ = {
			isa = XCConfigurationList;
			buildConfigurations = (
				EBD707692996FF4F00ECF0E8 /* Development (Debug) */,
				EBD7076A2996FF4F00ECF0E8 /* Development (Release) */,
			);
			defaultConfigurationIsVisible = 0;
			defaultConfigurationName = "Development (Release)";
		};
/* End XCConfigurationList section */

/* Begin XCRemoteSwiftPackageReference section */
		EBD7077F29970E4400ECF0E8 /* XCRemoteSwiftPackageReference "Swinject" */ = {
			isa = XCRemoteSwiftPackageReference;
			repositoryURL = "https://github.com/Swinject/Swinject.git";
			requirement = {
				kind = upToNextMinorVersion;
				minimumVersion = 2.8.0;
			};
		};
		EBD7079D2997208B00ECF0E8 /* XCRemoteSwiftPackageReference "Alamofire" */ = {
			isa = XCRemoteSwiftPackageReference;
			repositoryURL = "https://github.com/Alamofire/Alamofire.git";
			requirement = {
				kind = upToNextMinorVersion;
				minimumVersion = 5.6.0;
			};
		};
/* End XCRemoteSwiftPackageReference section */

/* Begin XCSwiftPackageProductDependency section */
		EBD7078029970E4400ECF0E8 /* Swinject */ = {
			isa = XCSwiftPackageProductDependency;
			package = EBD7077F29970E4400ECF0E8 /* XCRemoteSwiftPackageReference "Swinject" */;
			productName = Swinject;
		};
		EBD7079E2997208B00ECF0E8 /* Alamofire */ = {
			isa = XCSwiftPackageProductDependency;
			package = EBD7079D2997208B00ECF0E8 /* XCRemoteSwiftPackageReference "Alamofire" */;
			productName = Alamofire;
		};
/* End XCSwiftPackageProductDependency section */
	};
	rootObject = EBD707302996FF4D00ECF0E8 /* Project object */;
}
